// !$*UTF8*$!
{
	archiveVersion = 1;
	classes = {
	};
	objectVersion = 46;
	objects = {

/* Begin PBXBuildFile section */
		18BFFF561F53B863002144D5 /* Info.plist in Resources */ = {isa = PBXBuildFile; fileRef = 18BFFF551F53B863002144D5 /* Info.plist */; };
		4018F5AD1F500B4000D6C42D /* Assets.xcassets in Resources */ = {isa = PBXBuildFile; fileRef = 4018F5A51F500B4000D6C42D /* Assets.xcassets */; };
		4018F5AE1F500B4000D6C42D /* LaunchScreen.storyboard in Resources */ = {isa = PBXBuildFile; fileRef = 4018F5A61F500B4000D6C42D /* LaunchScreen.storyboard */; };
		4018F5AF1F500B4000D6C42D /* Main.storyboard in Resources */ = {isa = PBXBuildFile; fileRef = 4018F5A81F500B4000D6C42D /* Main.storyboard */; };
		4018F5B11F500B4000D6C42D /* ViewController.m in Sources */ = {isa = PBXBuildFile; fileRef = 4018F5AC1F500B4000D6C42D /* ViewController.m */; };
		409E6D861F5003DA00E3BE49 /* main.m in Sources */ = {isa = PBXBuildFile; fileRef = 409E6D851F5003DA00E3BE49 /* main.m */; };
		409E6D891F5003DA00E3BE49 /* AppDelegate.m in Sources */ = {isa = PBXBuildFile; fileRef = 409E6D881F5003DA00E3BE49 /* AppDelegate.m */; };
		409E6D9F1F5003DA00E3BE49 /* UEHTMLTests.m in Sources */ = {isa = PBXBuildFile; fileRef = 409E6D9E1F5003DA00E3BE49 /* UEHTMLTests.m */; };
		409E6DAA1F5003DA00E3BE49 /* UEHTMLUITests.m in Sources */ = {isa = PBXBuildFile; fileRef = 409E6DA91F5003DA00E3BE49 /* UEHTMLUITests.m */; };
		92FB59049DF9E3548E8B4B00 /* libPods-UEHTML.a in Frameworks */ = {isa = PBXBuildFile; fileRef = 01FD494EE7C5F40277EC06F8 /* libPods-UEHTML.a */; };
/* End PBXBuildFile section */

/* Begin PBXContainerItemProxy section */
		409E6D9B1F5003DA00E3BE49 /* PBXContainerItemProxy */ = {
			isa = PBXContainerItemProxy;
			containerPortal = 409E6D791F5003DA00E3BE49 /* Project object */;
			proxyType = 1;
			remoteGlobalIDString = 409E6D801F5003DA00E3BE49;
			remoteInfo = UEHTML;
		};
		409E6DA61F5003DA00E3BE49 /* PBXContainerItemProxy */ = {
			isa = PBXContainerItemProxy;
			containerPortal = 409E6D791F5003DA00E3BE49 /* Project object */;
			proxyType = 1;
			remoteGlobalIDString = 409E6D801F5003DA00E3BE49;
			remoteInfo = UEHTML;
		};
/* End PBXContainerItemProxy section */

/* Begin PBXFileReference section */
		01FD494EE7C5F40277EC06F8 /* libPods-UEHTML.a */ = {isa = PBXFileReference; explicitFileType = archive.ar; includeInIndex = 0; path = "libPods-UEHTML.a"; sourceTree = BUILT_PRODUCTS_DIR; };
		142FBB3363225B85BA8CC82E /* Pods-UEHTML.debug.xcconfig */ = {isa = PBXFileReference; includeInIndex = 1; lastKnownFileType = text.xcconfig; name = "Pods-UEHTML.debug.xcconfig"; path = "Pods/Target Support Files/Pods-UEHTML/Pods-UEHTML.debug.xcconfig"; sourceTree = "<group>"; };
		18BFFF551F53B863002144D5 /* Info.plist */ = {isa = PBXFileReference; fileEncoding = 4; lastKnownFileType = text.plist.xml; path = Info.plist; sourceTree = "<group>"; };
		4018F5A51F500B4000D6C42D /* Assets.xcassets */ = {isa = PBXFileReference; lastKnownFileType = folder.assetcatalog; path = Assets.xcassets; sourceTree = "<group>"; };
		4018F5A71F500B4000D6C42D /* Base */ = {isa = PBXFileReference; lastKnownFileType = file.storyboard; name = Base; path = Base.lproj/LaunchScreen.storyboard; sourceTree = "<group>"; };
		4018F5A91F500B4000D6C42D /* Base */ = {isa = PBXFileReference; lastKnownFileType = file.storyboard; name = Base; path = Base.lproj/Main.storyboard; sourceTree = "<group>"; };
		4018F5AB1F500B4000D6C42D /* ViewController.h */ = {isa = PBXFileReference; fileEncoding = 4; lastKnownFileType = sourcecode.c.h; path = ViewController.h; sourceTree = "<group>"; };
		4018F5AC1F500B4000D6C42D /* ViewController.m */ = {isa = PBXFileReference; fileEncoding = 4; lastKnownFileType = sourcecode.c.objc; path = ViewController.m; sourceTree = "<group>"; };
		409E6D811F5003DA00E3BE49 /* UEHTML.app */ = {isa = PBXFileReference; explicitFileType = wrapper.application; includeInIndex = 0; path = UEHTML.app; sourceTree = BUILT_PRODUCTS_DIR; };
		409E6D851F5003DA00E3BE49 /* main.m */ = {isa = PBXFileReference; lastKnownFileType = sourcecode.c.objc; path = main.m; sourceTree = "<group>"; };
		409E6D871F5003DA00E3BE49 /* AppDelegate.h */ = {isa = PBXFileReference; lastKnownFileType = sourcecode.c.h; path = AppDelegate.h; sourceTree = "<group>"; };
		409E6D881F5003DA00E3BE49 /* AppDelegate.m */ = {isa = PBXFileReference; lastKnownFileType = sourcecode.c.objc; path = AppDelegate.m; sourceTree = "<group>"; };
		409E6D9A1F5003DA00E3BE49 /* UEHTMLTests.xctest */ = {isa = PBXFileReference; explicitFileType = wrapper.cfbundle; includeInIndex = 0; path = UEHTMLTests.xctest; sourceTree = BUILT_PRODUCTS_DIR; };
		409E6D9E1F5003DA00E3BE49 /* UEHTMLTests.m */ = {isa = PBXFileReference; lastKnownFileType = sourcecode.c.objc; path = UEHTMLTests.m; sourceTree = "<group>"; };
		409E6DA01F5003DA00E3BE49 /* Info.plist */ = {isa = PBXFileReference; lastKnownFileType = text.plist.xml; path = Info.plist; sourceTree = "<group>"; };
		409E6DA51F5003DA00E3BE49 /* UEHTMLUITests.xctest */ = {isa = PBXFileReference; explicitFileType = wrapper.cfbundle; includeInIndex = 0; path = UEHTMLUITests.xctest; sourceTree = BUILT_PRODUCTS_DIR; };
		409E6DA91F5003DA00E3BE49 /* UEHTMLUITests.m */ = {isa = PBXFileReference; lastKnownFileType = sourcecode.c.objc; path = UEHTMLUITests.m; sourceTree = "<group>"; };
		409E6DAB1F5003DA00E3BE49 /* Info.plist */ = {isa = PBXFileReference; lastKnownFileType = text.plist.xml; path = Info.plist; sourceTree = "<group>"; };
		83709B79F12E723B72656CC7 /* Pods-UEHTML.release.xcconfig */ = {isa = PBXFileReference; includeInIndex = 1; lastKnownFileType = text.xcconfig; name = "Pods-UEHTML.release.xcconfig"; path = "Pods/Target Support Files/Pods-UEHTML/Pods-UEHTML.release.xcconfig"; sourceTree = "<group>"; };
/* End PBXFileReference section */

/* Begin PBXFrameworksBuildPhase section */
		409E6D7E1F5003DA00E3BE49 /* Frameworks */ = {
			isa = PBXFrameworksBuildPhase;
			buildActionMask = 2147483647;
			files = (
				92FB59049DF9E3548E8B4B00 /* libPods-UEHTML.a in Frameworks */,
			);
			runOnlyForDeploymentPostprocessing = 0;
		};
		409E6D971F5003DA00E3BE49 /* Frameworks */ = {
			isa = PBXFrameworksBuildPhase;
			buildActionMask = 2147483647;
			files = (
			);
			runOnlyForDeploymentPostprocessing = 0;
		};
		409E6DA21F5003DA00E3BE49 /* Frameworks */ = {
			isa = PBXFrameworksBuildPhase;
			buildActionMask = 2147483647;
			files = (
			);
			runOnlyForDeploymentPostprocessing = 0;
		};
/* End PBXFrameworksBuildPhase section */

/* Begin PBXGroup section */
		4018F5A41F500B4000D6C42D /* Other */ = {
			isa = PBXGroup;
			children = (
				4018F5A51F500B4000D6C42D /* Assets.xcassets */,
				4018F5A61F500B4000D6C42D /* LaunchScreen.storyboard */,
				4018F5A81F500B4000D6C42D /* Main.storyboard */,
				4018F5AB1F500B4000D6C42D /* ViewController.h */,
				4018F5AC1F500B4000D6C42D /* ViewController.m */,
			);
			path = Other;
			sourceTree = "<group>";
		};
		409E6D781F5003DA00E3BE49 = {
			isa = PBXGroup;
			children = (
				409E6D831F5003DA00E3BE49 /* UEHTML */,
				409E6D9D1F5003DA00E3BE49 /* UEHTMLTests */,
				409E6DA81F5003DA00E3BE49 /* UEHTMLUITests */,
				409E6D821F5003DA00E3BE49 /* Products */,
				B7374AD1699F40A2322E47B6 /* Pods */,
				EC6D5F91F075CA55506A82FD /* Frameworks */,
			);
			sourceTree = "<group>";
		};
		409E6D821F5003DA00E3BE49 /* Products */ = {
			isa = PBXGroup;
			children = (
				409E6D811F5003DA00E3BE49 /* UEHTML.app */,
				409E6D9A1F5003DA00E3BE49 /* UEHTMLTests.xctest */,
				409E6DA51F5003DA00E3BE49 /* UEHTMLUITests.xctest */,
			);
			name = Products;
			sourceTree = "<group>";
		};
		409E6D831F5003DA00E3BE49 /* UEHTML */ = {
			isa = PBXGroup;
			children = (
				409E6D871F5003DA00E3BE49 /* AppDelegate.h */,
				409E6D881F5003DA00E3BE49 /* AppDelegate.m */,
				409E6DBC1F50081200E3BE49 /* Main */,
				409E6DCA1F50081200E3BE49 /* Vicinity */,
				409E6DC11F50081200E3BE49 /* Message */,
				409E6DC61F50081200E3BE49 /* Publish */,
				409E6DB71F50081200E3BE49 /* ATQ */,
				409E6DBD1F50081200E3BE49 /* Me */,
				409E6DBB1F50081200E3BE49 /* Commons */,
				4018F5A41F500B4000D6C42D /* Other */,
				409E6D841F5003DA00E3BE49 /* Supporting Files */,
			);
			path = UEHTML;
			sourceTree = "<group>";
		};
		409E6D841F5003DA00E3BE49 /* Supporting Files */ = {
			isa = PBXGroup;
			children = (
				18BFFF551F53B863002144D5 /* Info.plist */,
				409E6D851F5003DA00E3BE49 /* main.m */,
			);
			name = "Supporting Files";
			sourceTree = "<group>";
		};
		409E6D9D1F5003DA00E3BE49 /* UEHTMLTests */ = {
			isa = PBXGroup;
			children = (
				409E6D9E1F5003DA00E3BE49 /* UEHTMLTests.m */,
				409E6DA01F5003DA00E3BE49 /* Info.plist */,
			);
			path = UEHTMLTests;
			sourceTree = "<group>";
		};
		409E6DA81F5003DA00E3BE49 /* UEHTMLUITests */ = {
			isa = PBXGroup;
			children = (
				409E6DA91F5003DA00E3BE49 /* UEHTMLUITests.m */,
				409E6DAB1F5003DA00E3BE49 /* Info.plist */,
			);
			path = UEHTMLUITests;
			sourceTree = "<group>";
		};
		409E6DB71F50081200E3BE49 /* ATQ */ = {
			isa = PBXGroup;
			children = (
				409E6DB81F50081200E3BE49 /* Controller */,
				409E6DB91F50081200E3BE49 /* Model */,
				409E6DBA1F50081200E3BE49 /* View */,
			);
			path = ATQ;
			sourceTree = "<group>";
		};
		409E6DB81F50081200E3BE49 /* Controller */ = {
			isa = PBXGroup;
			children = (
			);
			path = Controller;
			sourceTree = "<group>";
		};
		409E6DB91F50081200E3BE49 /* Model */ = {
			isa = PBXGroup;
			children = (
			);
			path = Model;
			sourceTree = "<group>";
		};
		409E6DBA1F50081200E3BE49 /* View */ = {
			isa = PBXGroup;
			children = (
			);
			path = View;
			sourceTree = "<group>";
		};
		409E6DBB1F50081200E3BE49 /* Commons */ = {
			isa = PBXGroup;
			children = (
			);
			path = Commons;
			sourceTree = "<group>";
		};
		409E6DBC1F50081200E3BE49 /* Main */ = {
			isa = PBXGroup;
			children = (
			);
			path = Main;
			sourceTree = "<group>";
		};
		409E6DBD1F50081200E3BE49 /* Me */ = {
			isa = PBXGroup;
			children = (
				409E6DBE1F50081200E3BE49 /* Controller */,
				409E6DBF1F50081200E3BE49 /* Model */,
				409E6DC01F50081200E3BE49 /* View */,
			);
			path = Me;
			sourceTree = "<group>";
		};
		409E6DBE1F50081200E3BE49 /* Controller */ = {
			isa = PBXGroup;
			children = (
			);
			path = Controller;
			sourceTree = "<group>";
		};
		409E6DBF1F50081200E3BE49 /* Model */ = {
			isa = PBXGroup;
			children = (
			);
			path = Model;
			sourceTree = "<group>";
		};
		409E6DC01F50081200E3BE49 /* View */ = {
			isa = PBXGroup;
			children = (
			);
			path = View;
			sourceTree = "<group>";
		};
		409E6DC11F50081200E3BE49 /* Message */ = {
			isa = PBXGroup;
			children = (
				409E6DC21F50081200E3BE49 /* Controller */,
				409E6DC31F50081200E3BE49 /* Model */,
				409E6DC41F50081200E3BE49 /* View */,
			);
			path = Message;
			sourceTree = "<group>";
		};
		409E6DC21F50081200E3BE49 /* Controller */ = {
			isa = PBXGroup;
			children = (
			);
			path = Controller;
			sourceTree = "<group>";
		};
		409E6DC31F50081200E3BE49 /* Model */ = {
			isa = PBXGroup;
			children = (
			);
			path = Model;
			sourceTree = "<group>";
		};
		409E6DC41F50081200E3BE49 /* View */ = {
			isa = PBXGroup;
			children = (
			);
			path = View;
			sourceTree = "<group>";
		};
		409E6DC61F50081200E3BE49 /* Publish */ = {
			isa = PBXGroup;
			children = (
				409E6DC71F50081200E3BE49 /* Controller */,
				409E6DC81F50081200E3BE49 /* Model */,
				409E6DC91F50081200E3BE49 /* View */,
			);
			path = Publish;
			sourceTree = "<group>";
		};
		409E6DC71F50081200E3BE49 /* Controller */ = {
			isa = PBXGroup;
			children = (
			);
			path = Controller;
			sourceTree = "<group>";
		};
		409E6DC81F50081200E3BE49 /* Model */ = {
			isa = PBXGroup;
			children = (
			);
			path = Model;
			sourceTree = "<group>";
		};
		409E6DC91F50081200E3BE49 /* View */ = {
			isa = PBXGroup;
			children = (
			);
			path = View;
			sourceTree = "<group>";
		};
		409E6DCA1F50081200E3BE49 /* Vicinity */ = {
			isa = PBXGroup;
			children = (
				409E6DCB1F50081200E3BE49 /* Controller */,
				409E6DCC1F50081200E3BE49 /* Model */,
				409E6DCD1F50081200E3BE49 /* View */,
			);
			path = Vicinity;
			sourceTree = "<group>";
		};
		409E6DCB1F50081200E3BE49 /* Controller */ = {
			isa = PBXGroup;
			children = (
			);
			path = Controller;
			sourceTree = "<group>";
		};
		409E6DCC1F50081200E3BE49 /* Model */ = {
			isa = PBXGroup;
			children = (
			);
			path = Model;
			sourceTree = "<group>";
		};
		409E6DCD1F50081200E3BE49 /* View */ = {
			isa = PBXGroup;
			children = (
			);
			path = View;
			sourceTree = "<group>";
		};
		B7374AD1699F40A2322E47B6 /* Pods */ = {
			isa = PBXGroup;
			children = (
				142FBB3363225B85BA8CC82E /* Pods-UEHTML.debug.xcconfig */,
				83709B79F12E723B72656CC7 /* Pods-UEHTML.release.xcconfig */,
			);
			name = Pods;
			sourceTree = "<group>";
		};
		EC6D5F91F075CA55506A82FD /* Frameworks */ = {
			isa = PBXGroup;
			children = (
				01FD494EE7C5F40277EC06F8 /* libPods-UEHTML.a */,
			);
			name = Frameworks;
			sourceTree = "<group>";
		};
/* End PBXGroup section */

/* Begin PBXNativeTarget section */
		409E6D801F5003DA00E3BE49 /* UEHTML */ = {
			isa = PBXNativeTarget;
			buildConfigurationList = 409E6DAE1F5003DA00E3BE49 /* Build configuration list for PBXNativeTarget "UEHTML" */;
			buildPhases = (
				0023AE4B19624DD905FB2BFC /* [CP] Check Pods Manifest.lock */,
				409E6D7D1F5003DA00E3BE49 /* Sources */,
				409E6D7E1F5003DA00E3BE49 /* Frameworks */,
				409E6D7F1F5003DA00E3BE49 /* Resources */,
				EEE486BFB58C641E751279F7 /* [CP] Embed Pods Frameworks */,
				02B4A1F93269442B85DFE31F /* [CP] Copy Pods Resources */,
			);
			buildRules = (
			);
			dependencies = (
			);
			name = UEHTML;
			productName = UEHTML;
			productReference = 409E6D811F5003DA00E3BE49 /* UEHTML.app */;
			productType = "com.apple.product-type.application";
		};
		409E6D991F5003DA00E3BE49 /* UEHTMLTests */ = {
			isa = PBXNativeTarget;
			buildConfigurationList = 409E6DB11F5003DA00E3BE49 /* Build configuration list for PBXNativeTarget "UEHTMLTests" */;
			buildPhases = (
				409E6D961F5003DA00E3BE49 /* Sources */,
				409E6D971F5003DA00E3BE49 /* Frameworks */,
				409E6D981F5003DA00E3BE49 /* Resources */,
			);
			buildRules = (
			);
			dependencies = (
				409E6D9C1F5003DA00E3BE49 /* PBXTargetDependency */,
			);
			name = UEHTMLTests;
			productName = UEHTMLTests;
			productReference = 409E6D9A1F5003DA00E3BE49 /* UEHTMLTests.xctest */;
			productType = "com.apple.product-type.bundle.unit-test";
		};
		409E6DA41F5003DA00E3BE49 /* UEHTMLUITests */ = {
			isa = PBXNativeTarget;
			buildConfigurationList = 409E6DB41F5003DA00E3BE49 /* Build configuration list for PBXNativeTarget "UEHTMLUITests" */;
			buildPhases = (
				409E6DA11F5003DA00E3BE49 /* Sources */,
				409E6DA21F5003DA00E3BE49 /* Frameworks */,
				409E6DA31F5003DA00E3BE49 /* Resources */,
			);
			buildRules = (
			);
			dependencies = (
				409E6DA71F5003DA00E3BE49 /* PBXTargetDependency */,
			);
			name = UEHTMLUITests;
			productName = UEHTMLUITests;
			productReference = 409E6DA51F5003DA00E3BE49 /* UEHTMLUITests.xctest */;
			productType = "com.apple.product-type.bundle.ui-testing";
		};
/* End PBXNativeTarget section */

/* Begin PBXProject section */
		409E6D791F5003DA00E3BE49 /* Project object */ = {
			isa = PBXProject;
			attributes = {
				LastUpgradeCheck = 0830;
				ORGANIZATIONNAME = LHKH;
				TargetAttributes = {
					409E6D801F5003DA00E3BE49 = {
						CreatedOnToolsVersion = 8.3.3;
						DevelopmentTeam = K7B37N4V6S;
						ProvisioningStyle = Automatic;
					};
					409E6D991F5003DA00E3BE49 = {
						CreatedOnToolsVersion = 8.3.3;
						DevelopmentTeam = K7B37N4V6S;
						ProvisioningStyle = Automatic;
						TestTargetID = 409E6D801F5003DA00E3BE49;
					};
					409E6DA41F5003DA00E3BE49 = {
						CreatedOnToolsVersion = 8.3.3;
						DevelopmentTeam = K7B37N4V6S;
						ProvisioningStyle = Automatic;
						TestTargetID = 409E6D801F5003DA00E3BE49;
					};
				};
			};
			buildConfigurationList = 409E6D7C1F5003DA00E3BE49 /* Build configuration list for PBXProject "UEHTML" */;
			compatibilityVersion = "Xcode 3.2";
			developmentRegion = English;
			hasScannedForEncodings = 0;
			knownRegions = (
				en,
				Base,
			);
			mainGroup = 409E6D781F5003DA00E3BE49;
			productRefGroup = 409E6D821F5003DA00E3BE49 /* Products */;
			projectDirPath = "";
			projectRoot = "";
			targets = (
				409E6D801F5003DA00E3BE49 /* UEHTML */,
				409E6D991F5003DA00E3BE49 /* UEHTMLTests */,
				409E6DA41F5003DA00E3BE49 /* UEHTMLUITests */,
			);
		};
/* End PBXProject section */

/* Begin PBXResourcesBuildPhase section */
		409E6D7F1F5003DA00E3BE49 /* Resources */ = {
			isa = PBXResourcesBuildPhase;
			buildActionMask = 2147483647;
			files = (
				4018F5AF1F500B4000D6C42D /* Main.storyboard in Resources */,
				4018F5AD1F500B4000D6C42D /* Assets.xcassets in Resources */,
				18BFFF561F53B863002144D5 /* Info.plist in Resources */,
				4018F5AE1F500B4000D6C42D /* LaunchScreen.storyboard in Resources */,
			);
			runOnlyForDeploymentPostprocessing = 0;
		};
		409E6D981F5003DA00E3BE49 /* Resources */ = {
			isa = PBXResourcesBuildPhase;
			buildActionMask = 2147483647;
			files = (
			);
			runOnlyForDeploymentPostprocessing = 0;
		};
		409E6DA31F5003DA00E3BE49 /* Resources */ = {
			isa = PBXResourcesBuildPhase;
			buildActionMask = 2147483647;
			files = (
			);
			runOnlyForDeploymentPostprocessing = 0;
		};
/* End PBXResourcesBuildPhase section */

/* Begin PBXShellScriptBuildPhase section */
		0023AE4B19624DD905FB2BFC /* [CP] Check Pods Manifest.lock */ = {
			isa = PBXShellScriptBuildPhase;
			buildActionMask = 2147483647;
			files = (
			);
			inputPaths = (
			);
			name = "[CP] Check Pods Manifest.lock";
			outputPaths = (
			);
			runOnlyForDeploymentPostprocessing = 0;
			shellPath = /bin/sh;
			shellScript = "diff \"${PODS_PODFILE_DIR_PATH}/Podfile.lock\" \"${PODS_ROOT}/Manifest.lock\" > /dev/null\nif [ $? != 0 ] ; then\n    # print error to STDERR\n    echo \"error: The sandbox is not in sync with the Podfile.lock. Run 'pod install' or update your CocoaPods installation.\" >&2\n    exit 1\nfi\n";
			showEnvVarsInLog = 0;
		};
		02B4A1F93269442B85DFE31F /* [CP] Copy Pods Resources */ = {
			isa = PBXShellScriptBuildPhase;
			buildActionMask = 2147483647;
			files = (
			);
			inputPaths = (
			);
			name = "[CP] Copy Pods Resources";
			outputPaths = (
			);
			runOnlyForDeploymentPostprocessing = 0;
			shellPath = /bin/sh;
			shellScript = "\"${SRCROOT}/Pods/Target Support Files/Pods-UEHTML/Pods-UEHTML-resources.sh\"\n";
			showEnvVarsInLog = 0;
		};
		EEE486BFB58C641E751279F7 /* [CP] Embed Pods Frameworks */ = {
			isa = PBXShellScriptBuildPhase;
			buildActionMask = 2147483647;
			files = (
			);
			inputPaths = (
			);
			name = "[CP] Embed Pods Frameworks";
			outputPaths = (
			);
			runOnlyForDeploymentPostprocessing = 0;
			shellPath = /bin/sh;
			shellScript = "\"${SRCROOT}/Pods/Target Support Files/Pods-UEHTML/Pods-UEHTML-frameworks.sh\"\n";
			showEnvVarsInLog = 0;
		};
/* End PBXShellScriptBuildPhase section */

/* Begin PBXSourcesBuildPhase section */
		409E6D7D1F5003DA00E3BE49 /* Sources */ = {
			isa = PBXSourcesBuildPhase;
			buildActionMask = 2147483647;
			files = (
				4018F5B11F500B4000D6C42D /* ViewController.m in Sources */,
				409E6D891F5003DA00E3BE49 /* AppDelegate.m in Sources */,
				409E6D861F5003DA00E3BE49 /* main.m in Sources */,
			);
			runOnlyForDeploymentPostprocessing = 0;
		};
		409E6D961F5003DA00E3BE49 /* Sources */ = {
			isa = PBXSourcesBuildPhase;
			buildActionMask = 2147483647;
			files = (
				409E6D9F1F5003DA00E3BE49 /* UEHTMLTests.m in Sources */,
			);
			runOnlyForDeploymentPostprocessing = 0;
		};
		409E6DA11F5003DA00E3BE49 /* Sources */ = {
			isa = PBXSourcesBuildPhase;
			buildActionMask = 2147483647;
			files = (
				409E6DAA1F5003DA00E3BE49 /* UEHTMLUITests.m in Sources */,
			);
			runOnlyForDeploymentPostprocessing = 0;
		};
/* End PBXSourcesBuildPhase section */

/* Begin PBXTargetDependency section */
		409E6D9C1F5003DA00E3BE49 /* PBXTargetDependency */ = {
			isa = PBXTargetDependency;
			target = 409E6D801F5003DA00E3BE49 /* UEHTML */;
			targetProxy = 409E6D9B1F5003DA00E3BE49 /* PBXContainerItemProxy */;
		};
		409E6DA71F5003DA00E3BE49 /* PBXTargetDependency */ = {
			isa = PBXTargetDependency;
			target = 409E6D801F5003DA00E3BE49 /* UEHTML */;
			targetProxy = 409E6DA61F5003DA00E3BE49 /* PBXContainerItemProxy */;
		};
/* End PBXTargetDependency section */

/* Begin PBXVariantGroup section */
		4018F5A61F500B4000D6C42D /* LaunchScreen.storyboard */ = {
			isa = PBXVariantGroup;
			children = (
				4018F5A71F500B4000D6C42D /* Base */,
			);
			name = LaunchScreen.storyboard;
			sourceTree = "<group>";
		};
		4018F5A81F500B4000D6C42D /* Main.storyboard */ = {
			isa = PBXVariantGroup;
			children = (
				4018F5A91F500B4000D6C42D /* Base */,
			);
			name = Main.storyboard;
			sourceTree = "<group>";
		};
/* End PBXVariantGroup section */

/* Begin XCBuildConfiguration section */
		409E6DAC1F5003DA00E3BE49 /* Debug */ = {
			isa = XCBuildConfiguration;
			buildSettings = {
				ALWAYS_SEARCH_USER_PATHS = NO;
				CLANG_ANALYZER_NONNULL = YES;
				CLANG_ANALYZER_NUMBER_OBJECT_CONVERSION = YES_AGGRESSIVE;
				CLANG_CXX_LANGUAGE_STANDARD = "gnu++0x";
				CLANG_CXX_LIBRARY = "libc++";
				CLANG_ENABLE_MODULES = YES;
				CLANG_ENABLE_OBJC_ARC = YES;
				CLANG_WARN_BOOL_CONVERSION = YES;
				CLANG_WARN_CONSTANT_CONVERSION = YES;
				CLANG_WARN_DIRECT_OBJC_ISA_USAGE = YES_ERROR;
				CLANG_WARN_DOCUMENTATION_COMMENTS = YES;
				CLANG_WARN_EMPTY_BODY = YES;
				CLANG_WARN_ENUM_CONVERSION = YES;
				CLANG_WARN_INFINITE_RECURSION = YES;
				CLANG_WARN_INT_CONVERSION = YES;
				CLANG_WARN_OBJC_ROOT_CLASS = YES_ERROR;
				CLANG_WARN_SUSPICIOUS_MOVE = YES;
				CLANG_WARN_UNREACHABLE_CODE = YES;
				CLANG_WARN__DUPLICATE_METHOD_MATCH = YES;
				"CODE_SIGN_IDENTITY[sdk=iphoneos*]" = "iPhone Developer";
				COPY_PHASE_STRIP = NO;
				DEBUG_INFORMATION_FORMAT = dwarf;
				ENABLE_STRICT_OBJC_MSGSEND = YES;
				ENABLE_TESTABILITY = YES;
				GCC_C_LANGUAGE_STANDARD = gnu99;
				GCC_DYNAMIC_NO_PIC = NO;
				GCC_NO_COMMON_BLOCKS = YES;
				GCC_OPTIMIZATION_LEVEL = 0;
				GCC_PREPROCESSOR_DEFINITIONS = (
					"DEBUG=1",
					"$(inherited)",
				);
				GCC_WARN_64_TO_32_BIT_CONVERSION = YES;
				GCC_WARN_ABOUT_RETURN_TYPE = YES_ERROR;
				GCC_WARN_UNDECLARED_SELECTOR = YES;
				GCC_WARN_UNINITIALIZED_AUTOS = YES_AGGRESSIVE;
				GCC_WARN_UNUSED_FUNCTION = YES;
				GCC_WARN_UNUSED_VARIABLE = YES;
				IPHONEOS_DEPLOYMENT_TARGET = 10.3;
				MTL_ENABLE_DEBUG_INFO = YES;
				ONLY_ACTIVE_ARCH = YES;
				SDKROOT = iphoneos;
			};
			name = Debug;
		};
		409E6DAD1F5003DA00E3BE49 /* Release */ = {
			isa = XCBuildConfiguration;
			buildSettings = {
				ALWAYS_SEARCH_USER_PATHS = NO;
				CLANG_ANALYZER_NONNULL = YES;
				CLANG_ANALYZER_NUMBER_OBJECT_CONVERSION = YES_AGGRESSIVE;
				CLANG_CXX_LANGUAGE_STANDARD = "gnu++0x";
				CLANG_CXX_LIBRARY = "libc++";
				CLANG_ENABLE_MODULES = YES;
				CLANG_ENABLE_OBJC_ARC = YES;
				CLANG_WARN_BOOL_CONVERSION = YES;
				CLANG_WARN_CONSTANT_CONVERSION = YES;
				CLANG_WARN_DIRECT_OBJC_ISA_USAGE = YES_ERROR;
				CLANG_WARN_DOCUMENTATION_COMMENTS = YES;
				CLANG_WARN_EMPTY_BODY = YES;
				CLANG_WARN_ENUM_CONVERSION = YES;
				CLANG_WARN_INFINITE_RECURSION = YES;
				CLANG_WARN_INT_CONVERSION = YES;
				CLANG_WARN_OBJC_ROOT_CLASS = YES_ERROR;
				CLANG_WARN_SUSPICIOUS_MOVE = YES;
				CLANG_WARN_UNREACHABLE_CODE = YES;
				CLANG_WARN__DUPLICATE_METHOD_MATCH = YES;
				"CODE_SIGN_IDENTITY[sdk=iphoneos*]" = "iPhone Developer";
				COPY_PHASE_STRIP = NO;
				DEBUG_INFORMATION_FORMAT = "dwarf-with-dsym";
				ENABLE_NS_ASSERTIONS = NO;
				ENABLE_STRICT_OBJC_MSGSEND = YES;
				GCC_C_LANGUAGE_STANDARD = gnu99;
				GCC_NO_COMMON_BLOCKS = YES;
				GCC_WARN_64_TO_32_BIT_CONVERSION = YES;
				GCC_WARN_ABOUT_RETURN_TYPE = YES_ERROR;
				GCC_WARN_UNDECLARED_SELECTOR = YES;
				GCC_WARN_UNINITIALIZED_AUTOS = YES_AGGRESSIVE;
				GCC_WARN_UNUSED_FUNCTION = YES;
				GCC_WARN_UNUSED_VARIABLE = YES;
				IPHONEOS_DEPLOYMENT_TARGET = 10.3;
				MTL_ENABLE_DEBUG_INFO = NO;
				SDKROOT = iphoneos;
				VALIDATE_PRODUCT = YES;
			};
			name = Release;
		};
		409E6DAF1F5003DA00E3BE49 /* Debug */ = {
			isa = XCBuildConfiguration;
			baseConfigurationReference = 142FBB3363225B85BA8CC82E /* Pods-UEHTML.debug.xcconfig */;
			buildSettings = {
				ASSETCATALOG_COMPILER_APPICON_NAME = AppIcon;
				DEVELOPMENT_TEAM = K7B37N4V6S;
				INFOPLIST_FILE = UEHTML/Info.plist;
				LD_RUNPATH_SEARCH_PATHS = "$(inherited) @executable_path/Frameworks";
				PRODUCT_BUNDLE_IDENTIFIER = LHKH.UEHTML;
				PRODUCT_NAME = "$(TARGET_NAME)";
			};
			name = Debug;
		};
		409E6DB01F5003DA00E3BE49 /* Release */ = {
			isa = XCBuildConfiguration;
			baseConfigurationReference = 83709B79F12E723B72656CC7 /* Pods-UEHTML.release.xcconfig */;
			buildSettings = {
				ASSETCATALOG_COMPILER_APPICON_NAME = AppIcon;
				DEVELOPMENT_TEAM = K7B37N4V6S;
				INFOPLIST_FILE = UEHTML/Info.plist;
				LD_RUNPATH_SEARCH_PATHS = "$(inherited) @executable_path/Frameworks";
				PRODUCT_BUNDLE_IDENTIFIER = LHKH.UEHTML;
				PRODUCT_NAME = "$(TARGET_NAME)";
			};
			name = Release;
		};
		409E6DB21F5003DA00E3BE49 /* Debug */ = {
			isa = XCBuildConfiguration;
			buildSettings = {
				BUNDLE_LOADER = "$(TEST_HOST)";
				DEVELOPMENT_TEAM = K7B37N4V6S;
				INFOPLIST_FILE = UEHTMLTests/Info.plist;
				LD_RUNPATH_SEARCH_PATHS = "$(inherited) @executable_path/Frameworks @loader_path/Frameworks";
				PRODUCT_BUNDLE_IDENTIFIER = LHKH.UEHTMLTests;
				PRODUCT_NAME = "$(TARGET_NAME)";
				TEST_HOST = "$(BUILT_PRODUCTS_DIR)/UEHTML.app/UEHTML";
			};
			name = Debug;
		};
		409E6DB31F5003DA00E3BE49 /* Release */ = {
			isa = XCBuildConfiguration;
			buildSettings = {
				BUNDLE_LOADER = "$(TEST_HOST)";
				DEVELOPMENT_TEAM = K7B37N4V6S;
				INFOPLIST_FILE = UEHTMLTests/Info.plist;
				LD_RUNPATH_SEARCH_PATHS = "$(inherited) @executable_path/Frameworks @loader_path/Frameworks";
				PRODUCT_BUNDLE_IDENTIFIER = LHKH.UEHTMLTests;
				PRODUCT_NAME = "$(TARGET_NAME)";
				TEST_HOST = "$(BUILT_PRODUCTS_DIR)/UEHTML.app/UEHTML";
			};
			name = Release;
		};
		409E6DB51F5003DA00E3BE49 /* Debug */ = {
			isa = XCBuildConfiguration;
			buildSettings = {
				DEVELOPMENT_TEAM = K7B37N4V6S;
				INFOPLIST_FILE = UEHTMLUITests/Info.plist;
				LD_RUNPATH_SEARCH_PATHS = "$(inherited) @executable_path/Frameworks @loader_path/Frameworks";
				PRODUCT_BUNDLE_IDENTIFIER = LHKH.UEHTMLUITests;
				PRODUCT_NAME = "$(TARGET_NAME)";
				TEST_TARGET_NAME = UEHTML;
			};
			name = Debug;
		};
		409E6DB61F5003DA00E3BE49 /* Release */ = {
			isa = XCBuildConfiguration;
			buildSettings = {
				DEVELOPMENT_TEAM = K7B37N4V6S;
				INFOPLIST_FILE = UEHTMLUITests/Info.plist;
				LD_RUNPATH_SEARCH_PATHS = "$(inherited) @executable_path/Frameworks @loader_path/Frameworks";
				PRODUCT_BUNDLE_IDENTIFIER = LHKH.UEHTMLUITests;
				PRODUCT_NAME = "$(TARGET_NAME)";
				TEST_TARGET_NAME = UEHTML;
			};
			name = Release;
		};
/* End XCBuildConfiguration section */

/* Begin XCConfigurationList section */
		409E6D7C1F5003DA00E3BE49 /* Build configuration list for PBXProject "UEHTML" */ = {
			isa = XCConfigurationList;
			buildConfigurations = (
				409E6DAC1F5003DA00E3BE49 /* Debug */,
				409E6DAD1F5003DA00E3BE49 /* Release */,
			);
			defaultConfigurationIsVisible = 0;
			defaultConfigurationName = Release;
		};
		409E6DAE1F5003DA00E3BE49 /* Build configuration list for PBXNativeTarget "UEHTML" */ = {
			isa = XCConfigurationList;
			buildConfigurations = (
				409E6DAF1F5003DA00E3BE49 /* Debug */,
				409E6DB01F5003DA00E3BE49 /* Release */,
			);
			defaultConfigurationIsVisible = 0;
			defaultConfigurationName = Release;
		};
		409E6DB11F5003DA00E3BE49 /* Build configuration list for PBXNativeTarget "UEHTMLTests" */ = {
			isa = XCConfigurationList;
			buildConfigurations = (
				409E6DB21F5003DA00E3BE49 /* Debug */,
				409E6DB31F5003DA00E3BE49 /* Release */,
			);
			defaultConfigurationIsVisible = 0;
			defaultConfigurationName = Release;
		};
		409E6DB41F5003DA00E3BE49 /* Build configuration list for PBXNativeTarget "UEHTMLUITests" */ = {
			isa = XCConfigurationList;
			buildConfigurations = (
				409E6DB51F5003DA00E3BE49 /* Debug */,
				409E6DB61F5003DA00E3BE49 /* Release */,
			);
			defaultConfigurationIsVisible = 0;
			defaultConfigurationName = Release;
		};
/* End XCConfigurationList section */
	};
	rootObject = 409E6D791F5003DA00E3BE49 /* Project object */;
}
