// !$*UTF8*$!
{
	archiveVersion = 1;
	classes = {
	};
	objectVersion = 46;
	objects = {

/* Begin PBXBuildFile section */
		188F843A1F739BD30037213D /* ComplainViewController.m in Sources */ = {isa = PBXBuildFile; fileRef = 188F84381F739BD30037213D /* ComplainViewController.m */; };
		188F843B1F739BD30037213D /* ComplainViewController.xib in Resources */ = {isa = PBXBuildFile; fileRef = 188F84391F739BD30037213D /* ComplainViewController.xib */; };
		18BFFF561F53B863002144D5 /* Info.plist in Resources */ = {isa = PBXBuildFile; fileRef = 18BFFF551F53B863002144D5 /* Info.plist */; };
		4018F5AD1F500B4000D6C42D /* Assets.xcassets in Resources */ = {isa = PBXBuildFile; fileRef = 4018F5A51F500B4000D6C42D /* Assets.xcassets */; };
		4018F5AE1F500B4000D6C42D /* LaunchScreen.storyboard in Resources */ = {isa = PBXBuildFile; fileRef = 4018F5A61F500B4000D6C42D /* LaunchScreen.storyboard */; };
		4018F5AF1F500B4000D6C42D /* Main.storyboard in Resources */ = {isa = PBXBuildFile; fileRef = 4018F5A81F500B4000D6C42D /* Main.storyboard */; };
		4018F5B11F500B4000D6C42D /* ViewController.m in Sources */ = {isa = PBXBuildFile; fileRef = 4018F5AC1F500B4000D6C42D /* ViewController.m */; };
		40260D1F1F71FEF400ED8CF1 /* ATQPerfectInfoViewController.m in Sources */ = {isa = PBXBuildFile; fileRef = 40260D1D1F71FEF400ED8CF1 /* ATQPerfectInfoViewController.m */; };
		40260D201F71FEF400ED8CF1 /* ATQPerfectInfoViewController.xib in Resources */ = {isa = PBXBuildFile; fileRef = 40260D1E1F71FEF400ED8CF1 /* ATQPerfectInfoViewController.xib */; };
		407F9BC91F6633870043A87A /* UIColor+LhkhColor.m in Sources */ = {isa = PBXBuildFile; fileRef = 407F9BC41F6633870043A87A /* UIColor+LhkhColor.m */; };
		407F9BCA1F6633870043A87A /* UIImage+LhkhExtension.m in Sources */ = {isa = PBXBuildFile; fileRef = 407F9BC61F6633870043A87A /* UIImage+LhkhExtension.m */; };
		407F9BCB1F6633870043A87A /* UIView+LhkhExtension.m in Sources */ = {isa = PBXBuildFile; fileRef = 407F9BC81F6633870043A87A /* UIView+LhkhExtension.m */; };
		407F9BCE1F6634360043A87A /* ATQBaseViewController.m in Sources */ = {isa = PBXBuildFile; fileRef = 407F9BCD1F6634360043A87A /* ATQBaseViewController.m */; };
		407F9BD11F6634A70043A87A /* ATQBaseNavigationViewController.m in Sources */ = {isa = PBXBuildFile; fileRef = 407F9BD01F6634A70043A87A /* ATQBaseNavigationViewController.m */; };
		407F9BD41F6634D30043A87A /* ATQBaseTabBarViewController.m in Sources */ = {isa = PBXBuildFile; fileRef = 407F9BD31F6634D30043A87A /* ATQBaseTabBarViewController.m */; };
		407F9BD71F66364C0043A87A /* ATQVicintyViewController.m in Sources */ = {isa = PBXBuildFile; fileRef = 407F9BD61F66364C0043A87A /* ATQVicintyViewController.m */; };
		407F9BDA1F6636630043A87A /* ATQMessageViewController.m in Sources */ = {isa = PBXBuildFile; fileRef = 407F9BD91F6636630043A87A /* ATQMessageViewController.m */; };
		407F9BDD1F66367F0043A87A /* ATQPublishViewController.m in Sources */ = {isa = PBXBuildFile; fileRef = 407F9BDC1F66367F0043A87A /* ATQPublishViewController.m */; };
		407F9BE01F6636A90043A87A /* ATQViewController.m in Sources */ = {isa = PBXBuildFile; fileRef = 407F9BDF1F6636A90043A87A /* ATQViewController.m */; };
		407F9BE31F6636BF0043A87A /* ATQMeViewController.m in Sources */ = {isa = PBXBuildFile; fileRef = 407F9BE21F6636BF0043A87A /* ATQMeViewController.m */; };
		407F9BE61F663A230043A87A /* LhkhTabBar.m in Sources */ = {isa = PBXBuildFile; fileRef = 407F9BE51F663A230043A87A /* LhkhTabBar.m */; };
		407F9BE81F6647020043A87A /* TabBarConfigure.plist in Resources */ = {isa = PBXBuildFile; fileRef = 407F9BE71F6647020043A87A /* TabBarConfigure.plist */; };
		40875D681F6F9AE300B58609 /* ATQLoginViewController.m in Sources */ = {isa = PBXBuildFile; fileRef = 40875D661F6F9AE300B58609 /* ATQLoginViewController.m */; };
		40875D691F6F9AE300B58609 /* ATQLoginViewController.xib in Resources */ = {isa = PBXBuildFile; fileRef = 40875D671F6F9AE300B58609 /* ATQLoginViewController.xib */; };
		40875D6D1F6F9B4500B58609 /* ATQRegisterViewController.m in Sources */ = {isa = PBXBuildFile; fileRef = 40875D6B1F6F9B4500B58609 /* ATQRegisterViewController.m */; };
		40875D6E1F6F9B4500B58609 /* ATQRegisterViewController.xib in Resources */ = {isa = PBXBuildFile; fileRef = 40875D6C1F6F9B4500B58609 /* ATQRegisterViewController.xib */; };
		409E6D861F5003DA00E3BE49 /* main.m in Sources */ = {isa = PBXBuildFile; fileRef = 409E6D851F5003DA00E3BE49 /* main.m */; };
		409E6D891F5003DA00E3BE49 /* AppDelegate.m in Sources */ = {isa = PBXBuildFile; fileRef = 409E6D881F5003DA00E3BE49 /* AppDelegate.m */; };
		409E6D9F1F5003DA00E3BE49 /* UEHTMLTests.m in Sources */ = {isa = PBXBuildFile; fileRef = 409E6D9E1F5003DA00E3BE49 /* UEHTMLTests.m */; };
		409E6DAA1F5003DA00E3BE49 /* UEHTMLUITests.m in Sources */ = {isa = PBXBuildFile; fileRef = 409E6DA91F5003DA00E3BE49 /* UEHTMLUITests.m */; };
		40E061C01F7689100072596D /* ATQItemTableViewCell.m in Sources */ = {isa = PBXBuildFile; fileRef = 40FA89F81F74A61E0059A208 /* ATQItemTableViewCell.m */; };
		40E061C41F7695DF0072596D /* ATQHomeRecCollectionViewCell.m in Sources */ = {isa = PBXBuildFile; fileRef = 40E061C21F7695DF0072596D /* ATQHomeRecCollectionViewCell.m */; };
		40E061C51F7695DF0072596D /* ATQHomeRecCollectionViewCell.xib in Resources */ = {isa = PBXBuildFile; fileRef = 40E061C31F7695DF0072596D /* ATQHomeRecCollectionViewCell.xib */; };
		40F085A41F74FA1400C5986C /* ATQRecPerTableViewCell.m in Sources */ = {isa = PBXBuildFile; fileRef = 40F085A21F74FA1400C5986C /* ATQRecPerTableViewCell.m */; };
		40F085A51F74FA1500C5986C /* ATQRecPerTableViewCell.xib in Resources */ = {isa = PBXBuildFile; fileRef = 40F085A31F74FA1400C5986C /* ATQRecPerTableViewCell.xib */; };
		40F085A91F74FE7200C5986C /* ATQRecPerCollectionViewCell.m in Sources */ = {isa = PBXBuildFile; fileRef = 40F085A71F74FE7200C5986C /* ATQRecPerCollectionViewCell.m */; };
		40F085AA1F74FE7200C5986C /* ATQRecPerCollectionViewCell.xib in Resources */ = {isa = PBXBuildFile; fileRef = 40F085A81F74FE7200C5986C /* ATQRecPerCollectionViewCell.xib */; };
		40FA89F01F749F7D0059A208 /* ATQHomeCollectionViewCell.m in Sources */ = {isa = PBXBuildFile; fileRef = 40FA89EE1F749F7D0059A208 /* ATQHomeCollectionViewCell.m */; };
		40FA89F11F749F7D0059A208 /* ATQHomeCollectionViewCell.xib in Resources */ = {isa = PBXBuildFile; fileRef = 40FA89EF1F749F7D0059A208 /* ATQHomeCollectionViewCell.xib */; };
		40FA89F51F74A41C0059A208 /* ATQTitleTableViewCell.m in Sources */ = {isa = PBXBuildFile; fileRef = 40FA89F31F74A41C0059A208 /* ATQTitleTableViewCell.m */; };
		40FA89F61F74A41C0059A208 /* ATQTitleTableViewCell.xib in Resources */ = {isa = PBXBuildFile; fileRef = 40FA89F41F74A41C0059A208 /* ATQTitleTableViewCell.xib */; };
		40FA89FB1F74A61E0059A208 /* ATQItemTableViewCell.xib in Resources */ = {isa = PBXBuildFile; fileRef = 40FA89F91F74A61E0059A208 /* ATQItemTableViewCell.xib */; };
		40FA89FF1F74B1A80059A208 /* LhkhHttpsManager.m in Sources */ = {isa = PBXBuildFile; fileRef = 40FA89FE1F74B1A80059A208 /* LhkhHttpsManager.m */; };
		40FA8A031F74CD7E0059A208 /* ATQNewPCollectionViewCell.m in Sources */ = {isa = PBXBuildFile; fileRef = 40FA8A011F74CD7E0059A208 /* ATQNewPCollectionViewCell.m */; };
		40FA8A041F74CD7E0059A208 /* ATQNewPCollectionViewCell.xib in Resources */ = {isa = PBXBuildFile; fileRef = 40FA8A021F74CD7E0059A208 /* ATQNewPCollectionViewCell.xib */; };
		40FA8A081F74E6E70059A208 /* ATQTagCollectionViewCell.m in Sources */ = {isa = PBXBuildFile; fileRef = 40FA8A061F74E6E70059A208 /* ATQTagCollectionViewCell.m */; };
		40FA8A091F74E6E70059A208 /* ATQTagCollectionViewCell.xib in Resources */ = {isa = PBXBuildFile; fileRef = 40FA8A071F74E6E70059A208 /* ATQTagCollectionViewCell.xib */; };
		40FA8A0D1F74E81E0059A208 /* ATQTagTableViewCell.m in Sources */ = {isa = PBXBuildFile; fileRef = 40FA8A0B1F74E81E0059A208 /* ATQTagTableViewCell.m */; };
		40FA8A0E1F74E81E0059A208 /* ATQTagTableViewCell.xib in Resources */ = {isa = PBXBuildFile; fileRef = 40FA8A0C1F74E81E0059A208 /* ATQTagTableViewCell.xib */; };
		40FA8A111F74EB6A0059A208 /* XHHPageControl.m in Sources */ = {isa = PBXBuildFile; fileRef = 40FA8A101F74EB6A0059A208 /* XHHPageControl.m */; };
		40FEA5BC1F735BC900D6EB89 /* ATQBindPhoneViewController.m in Sources */ = {isa = PBXBuildFile; fileRef = 40FEA5BA1F735BC900D6EB89 /* ATQBindPhoneViewController.m */; };
		40FEA5BD1F735BC900D6EB89 /* ATQBindPhoneViewController.xib in Resources */ = {isa = PBXBuildFile; fileRef = 40FEA5BB1F735BC900D6EB89 /* ATQBindPhoneViewController.xib */; };
		40FEA5C61F73AB4E00D6EB89 /* ATQRenzhengViewController.m in Sources */ = {isa = PBXBuildFile; fileRef = 40FEA5C41F73AB4E00D6EB89 /* ATQRenzhengViewController.m */; };
		40FEA5C71F73AB4E00D6EB89 /* ATQRenzhengViewController.xib in Resources */ = {isa = PBXBuildFile; fileRef = 40FEA5C51F73AB4E00D6EB89 /* ATQRenzhengViewController.xib */; };
		40FEA5CA1F73B40000D6EB89 /* ATQNearbyViewController.m in Sources */ = {isa = PBXBuildFile; fileRef = 40FEA5C91F73B40000D6EB89 /* ATQNearbyViewController.m */; };
		40FEA5CD1F73B41E00D6EB89 /* ATQRecommendViewController.m in Sources */ = {isa = PBXBuildFile; fileRef = 40FEA5CC1F73B41E00D6EB89 /* ATQRecommendViewController.m */; };
		40FEA5D01F73B46700D6EB89 /* ATQVideoChatViewController.m in Sources */ = {isa = PBXBuildFile; fileRef = 40FEA5CF1F73B46700D6EB89 /* ATQVideoChatViewController.m */; };
		40FEA5D31F73B53A00D6EB89 /* LhkhButton.m in Sources */ = {isa = PBXBuildFile; fileRef = 40FEA5D21F73B53A00D6EB89 /* LhkhButton.m */; };
		92FB59049DF9E3548E8B4B00 /* libPods-UEHTML.a in Frameworks */ = {isa = PBXBuildFile; fileRef = 01FD494EE7C5F40277EC06F8 /* libPods-UEHTML.a */; };
/* End PBXBuildFile section */

/* Begin PBXContainerItemProxy section */
		409E6D9B1F5003DA00E3BE49 /* PBXContainerItemProxy */ = {
			isa = PBXContainerItemProxy;
			containerPortal = 409E6D791F5003DA00E3BE49 /* Project object */;
			proxyType = 1;
			remoteGlobalIDString = 409E6D801F5003DA00E3BE49;
			remoteInfo = UEHTML;
		};
		409E6DA61F5003DA00E3BE49 /* PBXContainerItemProxy */ = {
			isa = PBXContainerItemProxy;
			containerPortal = 409E6D791F5003DA00E3BE49 /* Project object */;
			proxyType = 1;
			remoteGlobalIDString = 409E6D801F5003DA00E3BE49;
			remoteInfo = UEHTML;
		};
/* End PBXContainerItemProxy section */

/* Begin PBXFileReference section */
		01FD494EE7C5F40277EC06F8 /* libPods-UEHTML.a */ = {isa = PBXFileReference; explicitFileType = archive.ar; includeInIndex = 0; path = "libPods-UEHTML.a"; sourceTree = BUILT_PRODUCTS_DIR; };
		142FBB3363225B85BA8CC82E /* Pods-UEHTML.debug.xcconfig */ = {isa = PBXFileReference; includeInIndex = 1; lastKnownFileType = text.xcconfig; name = "Pods-UEHTML.debug.xcconfig"; path = "Pods/Target Support Files/Pods-UEHTML/Pods-UEHTML.debug.xcconfig"; sourceTree = "<group>"; };
		188F84371F739BD30037213D /* ComplainViewController.h */ = {isa = PBXFileReference; fileEncoding = 4; lastKnownFileType = sourcecode.c.h; path = ComplainViewController.h; sourceTree = "<group>"; };
		188F84381F739BD30037213D /* ComplainViewController.m */ = {isa = PBXFileReference; fileEncoding = 4; lastKnownFileType = sourcecode.c.objc; path = ComplainViewController.m; sourceTree = "<group>"; };
		188F84391F739BD30037213D /* ComplainViewController.xib */ = {isa = PBXFileReference; fileEncoding = 4; lastKnownFileType = file.xib; path = ComplainViewController.xib; sourceTree = "<group>"; };
		18BFFF551F53B863002144D5 /* Info.plist */ = {isa = PBXFileReference; fileEncoding = 4; lastKnownFileType = text.plist.xml; path = Info.plist; sourceTree = "<group>"; };
		4018F5A51F500B4000D6C42D /* Assets.xcassets */ = {isa = PBXFileReference; lastKnownFileType = folder.assetcatalog; path = Assets.xcassets; sourceTree = "<group>"; };
		4018F5A71F500B4000D6C42D /* Base */ = {isa = PBXFileReference; lastKnownFileType = file.storyboard; name = Base; path = Base.lproj/LaunchScreen.storyboard; sourceTree = "<group>"; };
		4018F5A91F500B4000D6C42D /* Base */ = {isa = PBXFileReference; lastKnownFileType = file.storyboard; name = Base; path = Base.lproj/Main.storyboard; sourceTree = "<group>"; };
		4018F5AB1F500B4000D6C42D /* ViewController.h */ = {isa = PBXFileReference; fileEncoding = 4; lastKnownFileType = sourcecode.c.h; path = ViewController.h; sourceTree = "<group>"; };
		4018F5AC1F500B4000D6C42D /* ViewController.m */ = {isa = PBXFileReference; fileEncoding = 4; lastKnownFileType = sourcecode.c.objc; path = ViewController.m; sourceTree = "<group>"; };
		40260D1C1F71FEF400ED8CF1 /* ATQPerfectInfoViewController.h */ = {isa = PBXFileReference; fileEncoding = 4; lastKnownFileType = sourcecode.c.h; path = ATQPerfectInfoViewController.h; sourceTree = "<group>"; };
		40260D1D1F71FEF400ED8CF1 /* ATQPerfectInfoViewController.m */ = {isa = PBXFileReference; fileEncoding = 4; lastKnownFileType = sourcecode.c.objc; path = ATQPerfectInfoViewController.m; sourceTree = "<group>"; };
		40260D1E1F71FEF400ED8CF1 /* ATQPerfectInfoViewController.xib */ = {isa = PBXFileReference; fileEncoding = 4; lastKnownFileType = file.xib; path = ATQPerfectInfoViewController.xib; sourceTree = "<group>"; };
		407F9BC31F6633870043A87A /* UIColor+LhkhColor.h */ = {isa = PBXFileReference; fileEncoding = 4; lastKnownFileType = sourcecode.c.h; path = "UIColor+LhkhColor.h"; sourceTree = "<group>"; };
		407F9BC41F6633870043A87A /* UIColor+LhkhColor.m */ = {isa = PBXFileReference; fileEncoding = 4; lastKnownFileType = sourcecode.c.objc; path = "UIColor+LhkhColor.m"; sourceTree = "<group>"; };
		407F9BC51F6633870043A87A /* UIImage+LhkhExtension.h */ = {isa = PBXFileReference; fileEncoding = 4; lastKnownFileType = sourcecode.c.h; path = "UIImage+LhkhExtension.h"; sourceTree = "<group>"; };
		407F9BC61F6633870043A87A /* UIImage+LhkhExtension.m */ = {isa = PBXFileReference; fileEncoding = 4; lastKnownFileType = sourcecode.c.objc; path = "UIImage+LhkhExtension.m"; sourceTree = "<group>"; };
		407F9BC71F6633870043A87A /* UIView+LhkhExtension.h */ = {isa = PBXFileReference; fileEncoding = 4; lastKnownFileType = sourcecode.c.h; path = "UIView+LhkhExtension.h"; sourceTree = "<group>"; };
		407F9BC81F6633870043A87A /* UIView+LhkhExtension.m */ = {isa = PBXFileReference; fileEncoding = 4; lastKnownFileType = sourcecode.c.objc; path = "UIView+LhkhExtension.m"; sourceTree = "<group>"; };
		407F9BCC1F6634360043A87A /* ATQBaseViewController.h */ = {isa = PBXFileReference; fileEncoding = 4; lastKnownFileType = sourcecode.c.h; path = ATQBaseViewController.h; sourceTree = "<group>"; };
		407F9BCD1F6634360043A87A /* ATQBaseViewController.m */ = {isa = PBXFileReference; fileEncoding = 4; lastKnownFileType = sourcecode.c.objc; path = ATQBaseViewController.m; sourceTree = "<group>"; };
		407F9BCF1F6634A70043A87A /* ATQBaseNavigationViewController.h */ = {isa = PBXFileReference; fileEncoding = 4; lastKnownFileType = sourcecode.c.h; path = ATQBaseNavigationViewController.h; sourceTree = "<group>"; };
		407F9BD01F6634A70043A87A /* ATQBaseNavigationViewController.m */ = {isa = PBXFileReference; fileEncoding = 4; lastKnownFileType = sourcecode.c.objc; path = ATQBaseNavigationViewController.m; sourceTree = "<group>"; };
		407F9BD21F6634D30043A87A /* ATQBaseTabBarViewController.h */ = {isa = PBXFileReference; fileEncoding = 4; lastKnownFileType = sourcecode.c.h; path = ATQBaseTabBarViewController.h; sourceTree = "<group>"; };
		407F9BD31F6634D30043A87A /* ATQBaseTabBarViewController.m */ = {isa = PBXFileReference; fileEncoding = 4; lastKnownFileType = sourcecode.c.objc; path = ATQBaseTabBarViewController.m; sourceTree = "<group>"; };
		407F9BD51F66364C0043A87A /* ATQVicintyViewController.h */ = {isa = PBXFileReference; fileEncoding = 4; lastKnownFileType = sourcecode.c.h; path = ATQVicintyViewController.h; sourceTree = "<group>"; };
		407F9BD61F66364C0043A87A /* ATQVicintyViewController.m */ = {isa = PBXFileReference; fileEncoding = 4; lastKnownFileType = sourcecode.c.objc; path = ATQVicintyViewController.m; sourceTree = "<group>"; };
		407F9BD81F6636630043A87A /* ATQMessageViewController.h */ = {isa = PBXFileReference; fileEncoding = 4; lastKnownFileType = sourcecode.c.h; path = ATQMessageViewController.h; sourceTree = "<group>"; };
		407F9BD91F6636630043A87A /* ATQMessageViewController.m */ = {isa = PBXFileReference; fileEncoding = 4; lastKnownFileType = sourcecode.c.objc; path = ATQMessageViewController.m; sourceTree = "<group>"; };
		407F9BDB1F66367F0043A87A /* ATQPublishViewController.h */ = {isa = PBXFileReference; fileEncoding = 4; lastKnownFileType = sourcecode.c.h; path = ATQPublishViewController.h; sourceTree = "<group>"; };
		407F9BDC1F66367F0043A87A /* ATQPublishViewController.m */ = {isa = PBXFileReference; fileEncoding = 4; lastKnownFileType = sourcecode.c.objc; path = ATQPublishViewController.m; sourceTree = "<group>"; };
		407F9BDE1F6636A90043A87A /* ATQViewController.h */ = {isa = PBXFileReference; fileEncoding = 4; lastKnownFileType = sourcecode.c.h; path = ATQViewController.h; sourceTree = "<group>"; };
		407F9BDF1F6636A90043A87A /* ATQViewController.m */ = {isa = PBXFileReference; fileEncoding = 4; lastKnownFileType = sourcecode.c.objc; path = ATQViewController.m; sourceTree = "<group>"; };
		407F9BE11F6636BF0043A87A /* ATQMeViewController.h */ = {isa = PBXFileReference; fileEncoding = 4; lastKnownFileType = sourcecode.c.h; path = ATQMeViewController.h; sourceTree = "<group>"; };
		407F9BE21F6636BF0043A87A /* ATQMeViewController.m */ = {isa = PBXFileReference; fileEncoding = 4; lastKnownFileType = sourcecode.c.objc; path = ATQMeViewController.m; sourceTree = "<group>"; };
		407F9BE41F663A230043A87A /* LhkhTabBar.h */ = {isa = PBXFileReference; fileEncoding = 4; lastKnownFileType = sourcecode.c.h; path = LhkhTabBar.h; sourceTree = "<group>"; };
		407F9BE51F663A230043A87A /* LhkhTabBar.m */ = {isa = PBXFileReference; fileEncoding = 4; lastKnownFileType = sourcecode.c.objc; path = LhkhTabBar.m; sourceTree = "<group>"; };
		407F9BE71F6647020043A87A /* TabBarConfigure.plist */ = {isa = PBXFileReference; fileEncoding = 4; lastKnownFileType = text.plist.xml; path = TabBarConfigure.plist; sourceTree = "<group>"; };
		407F9BE91F664AF50043A87A /* PrefixHeader.pch */ = {isa = PBXFileReference; lastKnownFileType = sourcecode.c.h; path = PrefixHeader.pch; sourceTree = "<group>"; };
		407F9BEA1F664B0F0043A87A /* Common.h */ = {isa = PBXFileReference; lastKnownFileType = sourcecode.c.h; path = Common.h; sourceTree = "<group>"; };
		40875D651F6F9AE300B58609 /* ATQLoginViewController.h */ = {isa = PBXFileReference; fileEncoding = 4; lastKnownFileType = sourcecode.c.h; path = ATQLoginViewController.h; sourceTree = "<group>"; };
		40875D661F6F9AE300B58609 /* ATQLoginViewController.m */ = {isa = PBXFileReference; fileEncoding = 4; lastKnownFileType = sourcecode.c.objc; path = ATQLoginViewController.m; sourceTree = "<group>"; };
		40875D671F6F9AE300B58609 /* ATQLoginViewController.xib */ = {isa = PBXFileReference; fileEncoding = 4; lastKnownFileType = file.xib; path = ATQLoginViewController.xib; sourceTree = "<group>"; };
		40875D6A1F6F9B4500B58609 /* ATQRegisterViewController.h */ = {isa = PBXFileReference; fileEncoding = 4; lastKnownFileType = sourcecode.c.h; path = ATQRegisterViewController.h; sourceTree = "<group>"; };
		40875D6B1F6F9B4500B58609 /* ATQRegisterViewController.m */ = {isa = PBXFileReference; fileEncoding = 4; lastKnownFileType = sourcecode.c.objc; path = ATQRegisterViewController.m; sourceTree = "<group>"; };
		40875D6C1F6F9B4500B58609 /* ATQRegisterViewController.xib */ = {isa = PBXFileReference; fileEncoding = 4; lastKnownFileType = file.xib; path = ATQRegisterViewController.xib; sourceTree = "<group>"; };
		409E6D811F5003DA00E3BE49 /* UEHTML.app */ = {isa = PBXFileReference; explicitFileType = wrapper.application; includeInIndex = 0; path = UEHTML.app; sourceTree = BUILT_PRODUCTS_DIR; };
		409E6D851F5003DA00E3BE49 /* main.m */ = {isa = PBXFileReference; lastKnownFileType = sourcecode.c.objc; path = main.m; sourceTree = "<group>"; };
		409E6D871F5003DA00E3BE49 /* AppDelegate.h */ = {isa = PBXFileReference; lastKnownFileType = sourcecode.c.h; path = AppDelegate.h; sourceTree = "<group>"; };
		409E6D881F5003DA00E3BE49 /* AppDelegate.m */ = {isa = PBXFileReference; lastKnownFileType = sourcecode.c.objc; path = AppDelegate.m; sourceTree = "<group>"; };
		409E6D9A1F5003DA00E3BE49 /* UEHTMLTests.xctest */ = {isa = PBXFileReference; explicitFileType = wrapper.cfbundle; includeInIndex = 0; path = UEHTMLTests.xctest; sourceTree = BUILT_PRODUCTS_DIR; };
		409E6D9E1F5003DA00E3BE49 /* UEHTMLTests.m */ = {isa = PBXFileReference; lastKnownFileType = sourcecode.c.objc; path = UEHTMLTests.m; sourceTree = "<group>"; };
		409E6DA01F5003DA00E3BE49 /* Info.plist */ = {isa = PBXFileReference; lastKnownFileType = text.plist.xml; path = Info.plist; sourceTree = "<group>"; };
		409E6DA51F5003DA00E3BE49 /* UEHTMLUITests.xctest */ = {isa = PBXFileReference; explicitFileType = wrapper.cfbundle; includeInIndex = 0; path = UEHTMLUITests.xctest; sourceTree = BUILT_PRODUCTS_DIR; };
		409E6DA91F5003DA00E3BE49 /* UEHTMLUITests.m */ = {isa = PBXFileReference; lastKnownFileType = sourcecode.c.objc; path = UEHTMLUITests.m; sourceTree = "<group>"; };
		409E6DAB1F5003DA00E3BE49 /* Info.plist */ = {isa = PBXFileReference; lastKnownFileType = text.plist.xml; path = Info.plist; sourceTree = "<group>"; };
		40E061C11F7695DF0072596D /* ATQHomeRecCollectionViewCell.h */ = {isa = PBXFileReference; fileEncoding = 4; lastKnownFileType = sourcecode.c.h; name = ATQHomeRecCollectionViewCell.h; path = UEHTML/Vicinity/ATQHomeRecCollectionViewCell.h; sourceTree = SOURCE_ROOT; };
		40E061C21F7695DF0072596D /* ATQHomeRecCollectionViewCell.m */ = {isa = PBXFileReference; fileEncoding = 4; lastKnownFileType = sourcecode.c.objc; name = ATQHomeRecCollectionViewCell.m; path = UEHTML/Vicinity/ATQHomeRecCollectionViewCell.m; sourceTree = SOURCE_ROOT; };
		40E061C31F7695DF0072596D /* ATQHomeRecCollectionViewCell.xib */ = {isa = PBXFileReference; fileEncoding = 4; lastKnownFileType = file.xib; name = ATQHomeRecCollectionViewCell.xib; path = UEHTML/Vicinity/ATQHomeRecCollectionViewCell.xib; sourceTree = SOURCE_ROOT; };
		40F085A11F74FA1400C5986C /* ATQRecPerTableViewCell.h */ = {isa = PBXFileReference; fileEncoding = 4; lastKnownFileType = sourcecode.c.h; name = ATQRecPerTableViewCell.h; path = UEHTML/Vicinity/ATQRecPerTableViewCell.h; sourceTree = SOURCE_ROOT; };
		40F085A21F74FA1400C5986C /* ATQRecPerTableViewCell.m */ = {isa = PBXFileReference; fileEncoding = 4; lastKnownFileType = sourcecode.c.objc; name = ATQRecPerTableViewCell.m; path = UEHTML/Vicinity/ATQRecPerTableViewCell.m; sourceTree = SOURCE_ROOT; };
		40F085A31F74FA1400C5986C /* ATQRecPerTableViewCell.xib */ = {isa = PBXFileReference; fileEncoding = 4; lastKnownFileType = file.xib; name = ATQRecPerTableViewCell.xib; path = UEHTML/Vicinity/ATQRecPerTableViewCell.xib; sourceTree = SOURCE_ROOT; };
		40F085A61F74FE7200C5986C /* ATQRecPerCollectionViewCell.h */ = {isa = PBXFileReference; fileEncoding = 4; lastKnownFileType = sourcecode.c.h; name = ATQRecPerCollectionViewCell.h; path = UEHTML/Vicinity/ATQRecPerCollectionViewCell.h; sourceTree = SOURCE_ROOT; };
		40F085A71F74FE7200C5986C /* ATQRecPerCollectionViewCell.m */ = {isa = PBXFileReference; fileEncoding = 4; lastKnownFileType = sourcecode.c.objc; name = ATQRecPerCollectionViewCell.m; path = UEHTML/Vicinity/ATQRecPerCollectionViewCell.m; sourceTree = SOURCE_ROOT; };
		40F085A81F74FE7200C5986C /* ATQRecPerCollectionViewCell.xib */ = {isa = PBXFileReference; fileEncoding = 4; lastKnownFileType = file.xib; name = ATQRecPerCollectionViewCell.xib; path = UEHTML/Vicinity/ATQRecPerCollectionViewCell.xib; sourceTree = SOURCE_ROOT; };
		40FA89ED1F749F7D0059A208 /* ATQHomeCollectionViewCell.h */ = {isa = PBXFileReference; fileEncoding = 4; lastKnownFileType = sourcecode.c.h; name = ATQHomeCollectionViewCell.h; path = UEHTML/Vicinity/Controller/ATQHomeCollectionViewCell.h; sourceTree = SOURCE_ROOT; };
		40FA89EE1F749F7D0059A208 /* ATQHomeCollectionViewCell.m */ = {isa = PBXFileReference; fileEncoding = 4; lastKnownFileType = sourcecode.c.objc; name = ATQHomeCollectionViewCell.m; path = UEHTML/Vicinity/Controller/ATQHomeCollectionViewCell.m; sourceTree = SOURCE_ROOT; };
		40FA89EF1F749F7D0059A208 /* ATQHomeCollectionViewCell.xib */ = {isa = PBXFileReference; fileEncoding = 4; lastKnownFileType = file.xib; name = ATQHomeCollectionViewCell.xib; path = UEHTML/Vicinity/Controller/ATQHomeCollectionViewCell.xib; sourceTree = SOURCE_ROOT; };
		40FA89F21F74A41C0059A208 /* ATQTitleTableViewCell.h */ = {isa = PBXFileReference; fileEncoding = 4; lastKnownFileType = sourcecode.c.h; name = ATQTitleTableViewCell.h; path = UEHTML/Vicinity/Controller/ATQTitleTableViewCell.h; sourceTree = SOURCE_ROOT; };
		40FA89F31F74A41C0059A208 /* ATQTitleTableViewCell.m */ = {isa = PBXFileReference; fileEncoding = 4; lastKnownFileType = sourcecode.c.objc; name = ATQTitleTableViewCell.m; path = UEHTML/Vicinity/Controller/ATQTitleTableViewCell.m; sourceTree = SOURCE_ROOT; };
		40FA89F41F74A41C0059A208 /* ATQTitleTableViewCell.xib */ = {isa = PBXFileReference; fileEncoding = 4; lastKnownFileType = file.xib; name = ATQTitleTableViewCell.xib; path = UEHTML/Vicinity/Controller/ATQTitleTableViewCell.xib; sourceTree = SOURCE_ROOT; };
		40FA89F71F74A61E0059A208 /* ATQItemTableViewCell.h */ = {isa = PBXFileReference; fileEncoding = 4; lastKnownFileType = sourcecode.c.h; name = ATQItemTableViewCell.h; path = UEHTML/Vicinity/Controller/ATQItemTableViewCell.h; sourceTree = SOURCE_ROOT; };
		40FA89F81F74A61E0059A208 /* ATQItemTableViewCell.m */ = {isa = PBXFileReference; fileEncoding = 4; lastKnownFileType = sourcecode.c.objc; name = ATQItemTableViewCell.m; path = UEHTML/Vicinity/Controller/ATQItemTableViewCell.m; sourceTree = SOURCE_ROOT; };
		40FA89F91F74A61E0059A208 /* ATQItemTableViewCell.xib */ = {isa = PBXFileReference; fileEncoding = 4; lastKnownFileType = file.xib; name = ATQItemTableViewCell.xib; path = UEHTML/Vicinity/Controller/ATQItemTableViewCell.xib; sourceTree = SOURCE_ROOT; };
		40FA89FD1F74B1A80059A208 /* LhkhHttpsManager.h */ = {isa = PBXFileReference; fileEncoding = 4; lastKnownFileType = sourcecode.c.h; path = LhkhHttpsManager.h; sourceTree = "<group>"; };
		40FA89FE1F74B1A80059A208 /* LhkhHttpsManager.m */ = {isa = PBXFileReference; fileEncoding = 4; lastKnownFileType = sourcecode.c.objc; path = LhkhHttpsManager.m; sourceTree = "<group>"; };
		40FA8A001F74CD7E0059A208 /* ATQNewPCollectionViewCell.h */ = {isa = PBXFileReference; fileEncoding = 4; lastKnownFileType = sourcecode.c.h; name = ATQNewPCollectionViewCell.h; path = UEHTML/Vicinity/Controller/ATQNewPCollectionViewCell.h; sourceTree = SOURCE_ROOT; };
		40FA8A011F74CD7E0059A208 /* ATQNewPCollectionViewCell.m */ = {isa = PBXFileReference; fileEncoding = 4; lastKnownFileType = sourcecode.c.objc; name = ATQNewPCollectionViewCell.m; path = UEHTML/Vicinity/Controller/ATQNewPCollectionViewCell.m; sourceTree = SOURCE_ROOT; };
		40FA8A021F74CD7E0059A208 /* ATQNewPCollectionViewCell.xib */ = {isa = PBXFileReference; fileEncoding = 4; lastKnownFileType = file.xib; name = ATQNewPCollectionViewCell.xib; path = UEHTML/Vicinity/Controller/ATQNewPCollectionViewCell.xib; sourceTree = SOURCE_ROOT; };
		40FA8A051F74E6E70059A208 /* ATQTagCollectionViewCell.h */ = {isa = PBXFileReference; fileEncoding = 4; lastKnownFileType = sourcecode.c.h; name = ATQTagCollectionViewCell.h; path = UEHTML/Vicinity/Controller/ATQTagCollectionViewCell.h; sourceTree = SOURCE_ROOT; };
		40FA8A061F74E6E70059A208 /* ATQTagCollectionViewCell.m */ = {isa = PBXFileReference; fileEncoding = 4; lastKnownFileType = sourcecode.c.objc; name = ATQTagCollectionViewCell.m; path = UEHTML/Vicinity/Controller/ATQTagCollectionViewCell.m; sourceTree = SOURCE_ROOT; };
		40FA8A071F74E6E70059A208 /* ATQTagCollectionViewCell.xib */ = {isa = PBXFileReference; fileEncoding = 4; lastKnownFileType = file.xib; name = ATQTagCollectionViewCell.xib; path = UEHTML/Vicinity/Controller/ATQTagCollectionViewCell.xib; sourceTree = SOURCE_ROOT; };
		40FA8A0A1F74E81E0059A208 /* ATQTagTableViewCell.h */ = {isa = PBXFileReference; fileEncoding = 4; lastKnownFileType = sourcecode.c.h; name = ATQTagTableViewCell.h; path = UEHTML/Vicinity/Controller/ATQTagTableViewCell.h; sourceTree = SOURCE_ROOT; };
		40FA8A0B1F74E81E0059A208 /* ATQTagTableViewCell.m */ = {isa = PBXFileReference; fileEncoding = 4; lastKnownFileType = sourcecode.c.objc; name = ATQTagTableViewCell.m; path = UEHTML/Vicinity/Controller/ATQTagTableViewCell.m; sourceTree = SOURCE_ROOT; };
		40FA8A0C1F74E81E0059A208 /* ATQTagTableViewCell.xib */ = {isa = PBXFileReference; fileEncoding = 4; lastKnownFileType = file.xib; name = ATQTagTableViewCell.xib; path = UEHTML/Vicinity/Controller/ATQTagTableViewCell.xib; sourceTree = SOURCE_ROOT; };
		40FA8A0F1F74EB6A0059A208 /* XHHPageControl.h */ = {isa = PBXFileReference; fileEncoding = 4; lastKnownFileType = sourcecode.c.h; path = XHHPageControl.h; sourceTree = "<group>"; };
		40FA8A101F74EB6A0059A208 /* XHHPageControl.m */ = {isa = PBXFileReference; fileEncoding = 4; lastKnownFileType = sourcecode.c.objc; path = XHHPageControl.m; sourceTree = "<group>"; };
		40FEA5B91F735BC900D6EB89 /* ATQBindPhoneViewController.h */ = {isa = PBXFileReference; fileEncoding = 4; lastKnownFileType = sourcecode.c.h; path = ATQBindPhoneViewController.h; sourceTree = "<group>"; };
		40FEA5BA1F735BC900D6EB89 /* ATQBindPhoneViewController.m */ = {isa = PBXFileReference; fileEncoding = 4; lastKnownFileType = sourcecode.c.objc; path = ATQBindPhoneViewController.m; sourceTree = "<group>"; };
		40FEA5BB1F735BC900D6EB89 /* ATQBindPhoneViewController.xib */ = {isa = PBXFileReference; fileEncoding = 4; lastKnownFileType = file.xib; path = ATQBindPhoneViewController.xib; sourceTree = "<group>"; };
		40FEA5C31F73AB4E00D6EB89 /* ATQRenzhengViewController.h */ = {isa = PBXFileReference; fileEncoding = 4; lastKnownFileType = sourcecode.c.h; path = ATQRenzhengViewController.h; sourceTree = "<group>"; };
		40FEA5C41F73AB4E00D6EB89 /* ATQRenzhengViewController.m */ = {isa = PBXFileReference; fileEncoding = 4; lastKnownFileType = sourcecode.c.objc; path = ATQRenzhengViewController.m; sourceTree = "<group>"; };
		40FEA5C51F73AB4E00D6EB89 /* ATQRenzhengViewController.xib */ = {isa = PBXFileReference; fileEncoding = 4; lastKnownFileType = file.xib; path = ATQRenzhengViewController.xib; sourceTree = "<group>"; };
		40FEA5C81F73B40000D6EB89 /* ATQNearbyViewController.h */ = {isa = PBXFileReference; fileEncoding = 4; lastKnownFileType = sourcecode.c.h; path = ATQNearbyViewController.h; sourceTree = "<group>"; };
		40FEA5C91F73B40000D6EB89 /* ATQNearbyViewController.m */ = {isa = PBXFileReference; fileEncoding = 4; lastKnownFileType = sourcecode.c.objc; path = ATQNearbyViewController.m; sourceTree = "<group>"; };
		40FEA5CB1F73B41E00D6EB89 /* ATQRecommendViewController.h */ = {isa = PBXFileReference; fileEncoding = 4; lastKnownFileType = sourcecode.c.h; path = ATQRecommendViewController.h; sourceTree = "<group>"; };
		40FEA5CC1F73B41E00D6EB89 /* ATQRecommendViewController.m */ = {isa = PBXFileReference; fileEncoding = 4; lastKnownFileType = sourcecode.c.objc; path = ATQRecommendViewController.m; sourceTree = "<group>"; };
		40FEA5CE1F73B46700D6EB89 /* ATQVideoChatViewController.h */ = {isa = PBXFileReference; fileEncoding = 4; lastKnownFileType = sourcecode.c.h; path = ATQVideoChatViewController.h; sourceTree = "<group>"; };
		40FEA5CF1F73B46700D6EB89 /* ATQVideoChatViewController.m */ = {isa = PBXFileReference; fileEncoding = 4; lastKnownFileType = sourcecode.c.objc; path = ATQVideoChatViewController.m; sourceTree = "<group>"; };
		40FEA5D11F73B53A00D6EB89 /* LhkhButton.h */ = {isa = PBXFileReference; fileEncoding = 4; lastKnownFileType = sourcecode.c.h; path = LhkhButton.h; sourceTree = "<group>"; };
		40FEA5D21F73B53A00D6EB89 /* LhkhButton.m */ = {isa = PBXFileReference; fileEncoding = 4; lastKnownFileType = sourcecode.c.objc; path = LhkhButton.m; sourceTree = "<group>"; };
		83709B79F12E723B72656CC7 /* Pods-UEHTML.release.xcconfig */ = {isa = PBXFileReference; includeInIndex = 1; lastKnownFileType = text.xcconfig; name = "Pods-UEHTML.release.xcconfig"; path = "Pods/Target Support Files/Pods-UEHTML/Pods-UEHTML.release.xcconfig"; sourceTree = "<group>"; };
/* End PBXFileReference section */

/* Begin PBXFrameworksBuildPhase section */
		409E6D7E1F5003DA00E3BE49 /* Frameworks */ = {
			isa = PBXFrameworksBuildPhase;
			buildActionMask = 2147483647;
			files = (
				92FB59049DF9E3548E8B4B00 /* libPods-UEHTML.a in Frameworks */,
			);
			runOnlyForDeploymentPostprocessing = 0;
		};
		409E6D971F5003DA00E3BE49 /* Frameworks */ = {
			isa = PBXFrameworksBuildPhase;
			buildActionMask = 2147483647;
			files = (
			);
			runOnlyForDeploymentPostprocessing = 0;
		};
		409E6DA21F5003DA00E3BE49 /* Frameworks */ = {
			isa = PBXFrameworksBuildPhase;
			buildActionMask = 2147483647;
			files = (
			);
			runOnlyForDeploymentPostprocessing = 0;
		};
/* End PBXFrameworksBuildPhase section */

/* Begin PBXGroup section */
		4018F5A41F500B4000D6C42D /* Other */ = {
			isa = PBXGroup;
			children = (
				4018F5A51F500B4000D6C42D /* Assets.xcassets */,
				4018F5A61F500B4000D6C42D /* LaunchScreen.storyboard */,
				4018F5A81F500B4000D6C42D /* Main.storyboard */,
				4018F5AB1F500B4000D6C42D /* ViewController.h */,
				4018F5AC1F500B4000D6C42D /* ViewController.m */,
				407F9BE71F6647020043A87A /* TabBarConfigure.plist */,
			);
			path = Other;
			sourceTree = "<group>";
		};
		40875D611F6F9A5B00B58609 /* Login */ = {
			isa = PBXGroup;
			children = (
				40875D621F6F9A5B00B58609 /* Controller */,
				40875D631F6F9A5B00B58609 /* Model */,
				40875D641F6F9A5B00B58609 /* View */,
			);
			path = Login;
			sourceTree = "<group>";
		};
		40875D621F6F9A5B00B58609 /* Controller */ = {
			isa = PBXGroup;
			children = (
				40875D651F6F9AE300B58609 /* ATQLoginViewController.h */,
				40875D661F6F9AE300B58609 /* ATQLoginViewController.m */,
				40875D671F6F9AE300B58609 /* ATQLoginViewController.xib */,
				40875D6A1F6F9B4500B58609 /* ATQRegisterViewController.h */,
				40875D6B1F6F9B4500B58609 /* ATQRegisterViewController.m */,
				40875D6C1F6F9B4500B58609 /* ATQRegisterViewController.xib */,
				40260D1C1F71FEF400ED8CF1 /* ATQPerfectInfoViewController.h */,
				40260D1D1F71FEF400ED8CF1 /* ATQPerfectInfoViewController.m */,
				40260D1E1F71FEF400ED8CF1 /* ATQPerfectInfoViewController.xib */,
				40FEA5B91F735BC900D6EB89 /* ATQBindPhoneViewController.h */,
				40FEA5BA1F735BC900D6EB89 /* ATQBindPhoneViewController.m */,
				40FEA5BB1F735BC900D6EB89 /* ATQBindPhoneViewController.xib */,
				40FEA5C31F73AB4E00D6EB89 /* ATQRenzhengViewController.h */,
				40FEA5C41F73AB4E00D6EB89 /* ATQRenzhengViewController.m */,
				40FEA5C51F73AB4E00D6EB89 /* ATQRenzhengViewController.xib */,
			);
			path = Controller;
			sourceTree = "<group>";
		};
		40875D631F6F9A5B00B58609 /* Model */ = {
			isa = PBXGroup;
			children = (
			);
			path = Model;
			sourceTree = "<group>";
		};
		40875D641F6F9A5B00B58609 /* View */ = {
			isa = PBXGroup;
			children = (
			);
			path = View;
			sourceTree = "<group>";
		};
		409E6D781F5003DA00E3BE49 = {
			isa = PBXGroup;
			children = (
				409E6D831F5003DA00E3BE49 /* UEHTML */,
				409E6D9D1F5003DA00E3BE49 /* UEHTMLTests */,
				409E6DA81F5003DA00E3BE49 /* UEHTMLUITests */,
				409E6D821F5003DA00E3BE49 /* Products */,
				B7374AD1699F40A2322E47B6 /* Pods */,
				EC6D5F91F075CA55506A82FD /* Frameworks */,
			);
			sourceTree = "<group>";
		};
		409E6D821F5003DA00E3BE49 /* Products */ = {
			isa = PBXGroup;
			children = (
				409E6D811F5003DA00E3BE49 /* UEHTML.app */,
				409E6D9A1F5003DA00E3BE49 /* UEHTMLTests.xctest */,
				409E6DA51F5003DA00E3BE49 /* UEHTMLUITests.xctest */,
			);
			name = Products;
			sourceTree = "<group>";
		};
		409E6D831F5003DA00E3BE49 /* UEHTML */ = {
			isa = PBXGroup;
			children = (
				409E6D871F5003DA00E3BE49 /* AppDelegate.h */,
				409E6D881F5003DA00E3BE49 /* AppDelegate.m */,
				409E6DBC1F50081200E3BE49 /* Main */,
				409E6DCA1F50081200E3BE49 /* Vicinity */,
				409E6DB71F50081200E3BE49 /* ATQ */,
				409E6DC61F50081200E3BE49 /* Publish */,
				409E6DC11F50081200E3BE49 /* Message */,
				409E6DBD1F50081200E3BE49 /* Me */,
				40875D611F6F9A5B00B58609 /* Login */,
				409E6DBB1F50081200E3BE49 /* Commons */,
				4018F5A41F500B4000D6C42D /* Other */,
				409E6D841F5003DA00E3BE49 /* Supporting Files */,
			);
			path = UEHTML;
			sourceTree = "<group>";
		};
		409E6D841F5003DA00E3BE49 /* Supporting Files */ = {
			isa = PBXGroup;
			children = (
				18BFFF551F53B863002144D5 /* Info.plist */,
				409E6D851F5003DA00E3BE49 /* main.m */,
			);
			name = "Supporting Files";
			sourceTree = "<group>";
		};
		409E6D9D1F5003DA00E3BE49 /* UEHTMLTests */ = {
			isa = PBXGroup;
			children = (
				409E6D9E1F5003DA00E3BE49 /* UEHTMLTests.m */,
				409E6DA01F5003DA00E3BE49 /* Info.plist */,
			);
			path = UEHTMLTests;
			sourceTree = "<group>";
		};
		409E6DA81F5003DA00E3BE49 /* UEHTMLUITests */ = {
			isa = PBXGroup;
			children = (
				409E6DA91F5003DA00E3BE49 /* UEHTMLUITests.m */,
				409E6DAB1F5003DA00E3BE49 /* Info.plist */,
			);
			path = UEHTMLUITests;
			sourceTree = "<group>";
		};
		409E6DB71F50081200E3BE49 /* ATQ */ = {
			isa = PBXGroup;
			children = (
				409E6DB81F50081200E3BE49 /* Controller */,
				409E6DB91F50081200E3BE49 /* Model */,
				409E6DBA1F50081200E3BE49 /* View */,
			);
			path = ATQ;
			sourceTree = "<group>";
		};
		409E6DB81F50081200E3BE49 /* Controller */ = {
			isa = PBXGroup;
			children = (
				407F9BDE1F6636A90043A87A /* ATQViewController.h */,
				407F9BDF1F6636A90043A87A /* ATQViewController.m */,
			);
			path = Controller;
			sourceTree = "<group>";
		};
		409E6DB91F50081200E3BE49 /* Model */ = {
			isa = PBXGroup;
			children = (
			);
			path = Model;
			sourceTree = "<group>";
		};
		409E6DBA1F50081200E3BE49 /* View */ = {
			isa = PBXGroup;
			children = (
			);
			path = View;
			sourceTree = "<group>";
		};
		409E6DBB1F50081200E3BE49 /* Commons */ = {
			isa = PBXGroup;
			children = (
				40FA89FC1F74B1A80059A208 /* LhkhHttpManager */,
				40FEA5D11F73B53A00D6EB89 /* LhkhButton.h */,
				40FEA5D21F73B53A00D6EB89 /* LhkhButton.m */,
				407F9BE41F663A230043A87A /* LhkhTabBar.h */,
				407F9BE51F663A230043A87A /* LhkhTabBar.m */,
				40FA8A0F1F74EB6A0059A208 /* XHHPageControl.h */,
				40FA8A101F74EB6A0059A208 /* XHHPageControl.m */,
				407F9BC31F6633870043A87A /* UIColor+LhkhColor.h */,
				407F9BC41F6633870043A87A /* UIColor+LhkhColor.m */,
				407F9BC51F6633870043A87A /* UIImage+LhkhExtension.h */,
				407F9BC61F6633870043A87A /* UIImage+LhkhExtension.m */,
				407F9BC71F6633870043A87A /* UIView+LhkhExtension.h */,
				407F9BC81F6633870043A87A /* UIView+LhkhExtension.m */,
				407F9BE91F664AF50043A87A /* PrefixHeader.pch */,
				407F9BEA1F664B0F0043A87A /* Common.h */,
			);
			path = Commons;
			sourceTree = "<group>";
		};
		409E6DBC1F50081200E3BE49 /* Main */ = {
			isa = PBXGroup;
			children = (
				407F9BCC1F6634360043A87A /* ATQBaseViewController.h */,
				407F9BCD1F6634360043A87A /* ATQBaseViewController.m */,
				407F9BCF1F6634A70043A87A /* ATQBaseNavigationViewController.h */,
				407F9BD01F6634A70043A87A /* ATQBaseNavigationViewController.m */,
				407F9BD21F6634D30043A87A /* ATQBaseTabBarViewController.h */,
				407F9BD31F6634D30043A87A /* ATQBaseTabBarViewController.m */,
			);
			path = Main;
			sourceTree = "<group>";
		};
		409E6DBD1F50081200E3BE49 /* Me */ = {
			isa = PBXGroup;
			children = (
				409E6DBE1F50081200E3BE49 /* Controller */,
				409E6DBF1F50081200E3BE49 /* Model */,
				409E6DC01F50081200E3BE49 /* View */,
			);
			path = Me;
			sourceTree = "<group>";
		};
		409E6DBE1F50081200E3BE49 /* Controller */ = {
			isa = PBXGroup;
			children = (
				407F9BE11F6636BF0043A87A /* ATQMeViewController.h */,
				407F9BE21F6636BF0043A87A /* ATQMeViewController.m */,
			);
			path = Controller;
			sourceTree = "<group>";
		};
		409E6DBF1F50081200E3BE49 /* Model */ = {
			isa = PBXGroup;
			children = (
			);
			path = Model;
			sourceTree = "<group>";
		};
		409E6DC01F50081200E3BE49 /* View */ = {
			isa = PBXGroup;
			children = (
			);
			path = View;
			sourceTree = "<group>";
		};
		409E6DC11F50081200E3BE49 /* Message */ = {
			isa = PBXGroup;
			children = (
				409E6DC21F50081200E3BE49 /* Controller */,
				409E6DC31F50081200E3BE49 /* Model */,
				409E6DC41F50081200E3BE49 /* View */,
			);
			path = Message;
			sourceTree = "<group>";
		};
		409E6DC21F50081200E3BE49 /* Controller */ = {
			isa = PBXGroup;
			children = (
				407F9BD81F6636630043A87A /* ATQMessageViewController.h */,
				407F9BD91F6636630043A87A /* ATQMessageViewController.m */,
			);
			path = Controller;
			sourceTree = "<group>";
		};
		409E6DC31F50081200E3BE49 /* Model */ = {
			isa = PBXGroup;
			children = (
			);
			path = Model;
			sourceTree = "<group>";
		};
		409E6DC41F50081200E3BE49 /* View */ = {
			isa = PBXGroup;
			children = (
			);
			path = View;
			sourceTree = "<group>";
		};
		409E6DC61F50081200E3BE49 /* Publish */ = {
			isa = PBXGroup;
			children = (
				409E6DC71F50081200E3BE49 /* Controller */,
				409E6DC81F50081200E3BE49 /* Model */,
				409E6DC91F50081200E3BE49 /* View */,
			);
			path = Publish;
			sourceTree = "<group>";
		};
		409E6DC71F50081200E3BE49 /* Controller */ = {
			isa = PBXGroup;
			children = (
				407F9BDB1F66367F0043A87A /* ATQPublishViewController.h */,
				407F9BDC1F66367F0043A87A /* ATQPublishViewController.m */,
				188F84371F739BD30037213D /* ComplainViewController.h */,
				188F84381F739BD30037213D /* ComplainViewController.m */,
				188F84391F739BD30037213D /* ComplainViewController.xib */,
			);
			path = Controller;
			sourceTree = "<group>";
		};
		409E6DC81F50081200E3BE49 /* Model */ = {
			isa = PBXGroup;
			children = (
			);
			path = Model;
			sourceTree = "<group>";
		};
		409E6DC91F50081200E3BE49 /* View */ = {
			isa = PBXGroup;
			children = (
			);
			path = View;
			sourceTree = "<group>";
		};
		409E6DCA1F50081200E3BE49 /* Vicinity */ = {
			isa = PBXGroup;
			children = (
				409E6DCB1F50081200E3BE49 /* Controller */,
				409E6DCC1F50081200E3BE49 /* Model */,
				409E6DCD1F50081200E3BE49 /* View */,
			);
			path = Vicinity;
			sourceTree = "<group>";
		};
		409E6DCB1F50081200E3BE49 /* Controller */ = {
			isa = PBXGroup;
			children = (
				407F9BD51F66364C0043A87A /* ATQVicintyViewController.h */,
				407F9BD61F66364C0043A87A /* ATQVicintyViewController.m */,
				40FEA5C81F73B40000D6EB89 /* ATQNearbyViewController.h */,
				40FEA5C91F73B40000D6EB89 /* ATQNearbyViewController.m */,
				40FEA5CB1F73B41E00D6EB89 /* ATQRecommendViewController.h */,
				40FEA5CC1F73B41E00D6EB89 /* ATQRecommendViewController.m */,
				40FEA5CE1F73B46700D6EB89 /* ATQVideoChatViewController.h */,
				40FEA5CF1F73B46700D6EB89 /* ATQVideoChatViewController.m */,
			);
			path = Controller;
			sourceTree = "<group>";
		};
		409E6DCC1F50081200E3BE49 /* Model */ = {
			isa = PBXGroup;
			children = (
			);
			path = Model;
			sourceTree = "<group>";
		};
		409E6DCD1F50081200E3BE49 /* View */ = {
			isa = PBXGroup;
			children = (
				40FA8A0A1F74E81E0059A208 /* ATQTagTableViewCell.h */,
				40FA8A0B1F74E81E0059A208 /* ATQTagTableViewCell.m */,
				40FA8A0C1F74E81E0059A208 /* ATQTagTableViewCell.xib */,
				40F085A11F74FA1400C5986C /* ATQRecPerTableViewCell.h */,
				40F085A21F74FA1400C5986C /* ATQRecPerTableViewCell.m */,
				40F085A31F74FA1400C5986C /* ATQRecPerTableViewCell.xib */,
				40FA89F21F74A41C0059A208 /* ATQTitleTableViewCell.h */,
				40FA89F31F74A41C0059A208 /* ATQTitleTableViewCell.m */,
				40FA89F41F74A41C0059A208 /* ATQTitleTableViewCell.xib */,
				40FA89F71F74A61E0059A208 /* ATQItemTableViewCell.h */,
				40FA89F81F74A61E0059A208 /* ATQItemTableViewCell.m */,
				40FA89F91F74A61E0059A208 /* ATQItemTableViewCell.xib */,
				40FA8A051F74E6E70059A208 /* ATQTagCollectionViewCell.h */,
				40FA8A061F74E6E70059A208 /* ATQTagCollectionViewCell.m */,
				40FA8A071F74E6E70059A208 /* ATQTagCollectionViewCell.xib */,
				40FA8A001F74CD7E0059A208 /* ATQNewPCollectionViewCell.h */,
				40FA8A011F74CD7E0059A208 /* ATQNewPCollectionViewCell.m */,
				40FA8A021F74CD7E0059A208 /* ATQNewPCollectionViewCell.xib */,
				40FA89ED1F749F7D0059A208 /* ATQHomeCollectionViewCell.h */,
				40FA89EE1F749F7D0059A208 /* ATQHomeCollectionViewCell.m */,
				40FA89EF1F749F7D0059A208 /* ATQHomeCollectionViewCell.xib */,
				40F085A61F74FE7200C5986C /* ATQRecPerCollectionViewCell.h */,
				40F085A71F74FE7200C5986C /* ATQRecPerCollectionViewCell.m */,
				40F085A81F74FE7200C5986C /* ATQRecPerCollectionViewCell.xib */,
				40E061C11F7695DF0072596D /* ATQHomeRecCollectionViewCell.h */,
				40E061C21F7695DF0072596D /* ATQHomeRecCollectionViewCell.m */,
				40E061C31F7695DF0072596D /* ATQHomeRecCollectionViewCell.xib */,
			);
			path = View;
			sourceTree = "<group>";
		};
		40FA89FC1F74B1A80059A208 /* LhkhHttpManager */ = {
			isa = PBXGroup;
			children = (
				40FA89FD1F74B1A80059A208 /* LhkhHttpsManager.h */,
				40FA89FE1F74B1A80059A208 /* LhkhHttpsManager.m */,
			);
			path = LhkhHttpManager;
			sourceTree = "<group>";
		};
		B7374AD1699F40A2322E47B6 /* Pods */ = {
			isa = PBXGroup;
			children = (
				142FBB3363225B85BA8CC82E /* Pods-UEHTML.debug.xcconfig */,
				83709B79F12E723B72656CC7 /* Pods-UEHTML.release.xcconfig */,
			);
			name = Pods;
			sourceTree = "<group>";
		};
		EC6D5F91F075CA55506A82FD /* Frameworks */ = {
			isa = PBXGroup;
			children = (
				01FD494EE7C5F40277EC06F8 /* libPods-UEHTML.a */,
			);
			name = Frameworks;
			sourceTree = "<group>";
		};
/* End PBXGroup section */

/* Begin PBXNativeTarget section */
		409E6D801F5003DA00E3BE49 /* UEHTML */ = {
			isa = PBXNativeTarget;
			buildConfigurationList = 409E6DAE1F5003DA00E3BE49 /* Build configuration list for PBXNativeTarget "UEHTML" */;
			buildPhases = (
				0023AE4B19624DD905FB2BFC /* [CP] Check Pods Manifest.lock */,
				409E6D7D1F5003DA00E3BE49 /* Sources */,
				409E6D7E1F5003DA00E3BE49 /* Frameworks */,
				409E6D7F1F5003DA00E3BE49 /* Resources */,
				EEE486BFB58C641E751279F7 /* [CP] Embed Pods Frameworks */,
				02B4A1F93269442B85DFE31F /* [CP] Copy Pods Resources */,
			);
			buildRules = (
			);
			dependencies = (
			);
			name = UEHTML;
			productName = UEHTML;
			productReference = 409E6D811F5003DA00E3BE49 /* UEHTML.app */;
			productType = "com.apple.product-type.application";
		};
		409E6D991F5003DA00E3BE49 /* UEHTMLTests */ = {
			isa = PBXNativeTarget;
			buildConfigurationList = 409E6DB11F5003DA00E3BE49 /* Build configuration list for PBXNativeTarget "UEHTMLTests" */;
			buildPhases = (
				409E6D961F5003DA00E3BE49 /* Sources */,
				409E6D971F5003DA00E3BE49 /* Frameworks */,
				409E6D981F5003DA00E3BE49 /* Resources */,
			);
			buildRules = (
			);
			dependencies = (
				409E6D9C1F5003DA00E3BE49 /* PBXTargetDependency */,
			);
			name = UEHTMLTests;
			productName = UEHTMLTests;
			productReference = 409E6D9A1F5003DA00E3BE49 /* UEHTMLTests.xctest */;
			productType = "com.apple.product-type.bundle.unit-test";
		};
		409E6DA41F5003DA00E3BE49 /* UEHTMLUITests */ = {
			isa = PBXNativeTarget;
			buildConfigurationList = 409E6DB41F5003DA00E3BE49 /* Build configuration list for PBXNativeTarget "UEHTMLUITests" */;
			buildPhases = (
				409E6DA11F5003DA00E3BE49 /* Sources */,
				409E6DA21F5003DA00E3BE49 /* Frameworks */,
				409E6DA31F5003DA00E3BE49 /* Resources */,
			);
			buildRules = (
			);
			dependencies = (
				409E6DA71F5003DA00E3BE49 /* PBXTargetDependency */,
			);
			name = UEHTMLUITests;
			productName = UEHTMLUITests;
			productReference = 409E6DA51F5003DA00E3BE49 /* UEHTMLUITests.xctest */;
			productType = "com.apple.product-type.bundle.ui-testing";
		};
/* End PBXNativeTarget section */

/* Begin PBXProject section */
		409E6D791F5003DA00E3BE49 /* Project object */ = {
			isa = PBXProject;
			attributes = {
				CLASSPREFIX = ATQ;
				LastUpgradeCheck = 0830;
				ORGANIZATIONNAME = LHKH;
				TargetAttributes = {
					409E6D801F5003DA00E3BE49 = {
						CreatedOnToolsVersion = 8.3.3;
						DevelopmentTeam = K7B37N4V6S;
						ProvisioningStyle = Automatic;
					};
					409E6D991F5003DA00E3BE49 = {
						CreatedOnToolsVersion = 8.3.3;
						DevelopmentTeam = K7B37N4V6S;
						ProvisioningStyle = Automatic;
						TestTargetID = 409E6D801F5003DA00E3BE49;
					};
					409E6DA41F5003DA00E3BE49 = {
						CreatedOnToolsVersion = 8.3.3;
						DevelopmentTeam = K7B37N4V6S;
						ProvisioningStyle = Automatic;
						TestTargetID = 409E6D801F5003DA00E3BE49;
					};
				};
			};
			buildConfigurationList = 409E6D7C1F5003DA00E3BE49 /* Build configuration list for PBXProject "UEHTML" */;
			compatibilityVersion = "Xcode 3.2";
			developmentRegion = English;
			hasScannedForEncodings = 0;
			knownRegions = (
				en,
				Base,
			);
			mainGroup = 409E6D781F5003DA00E3BE49;
			productRefGroup = 409E6D821F5003DA00E3BE49 /* Products */;
			projectDirPath = "";
			projectRoot = "";
			targets = (
				409E6D801F5003DA00E3BE49 /* UEHTML */,
				409E6D991F5003DA00E3BE49 /* UEHTMLTests */,
				409E6DA41F5003DA00E3BE49 /* UEHTMLUITests */,
			);
		};
/* End PBXProject section */

/* Begin PBXResourcesBuildPhase section */
		409E6D7F1F5003DA00E3BE49 /* Resources */ = {
			isa = PBXResourcesBuildPhase;
			buildActionMask = 2147483647;
			files = (
				40FEA5C71F73AB4E00D6EB89 /* ATQRenzhengViewController.xib in Resources */,
				40875D6E1F6F9B4500B58609 /* ATQRegisterViewController.xib in Resources */,
				4018F5AF1F500B4000D6C42D /* Main.storyboard in Resources */,
				407F9BE81F6647020043A87A /* TabBarConfigure.plist in Resources */,
				4018F5AD1F500B4000D6C42D /* Assets.xcassets in Resources */,
				18BFFF561F53B863002144D5 /* Info.plist in Resources */,
				188F843B1F739BD30037213D /* ComplainViewController.xib in Resources */,
				40FEA5BD1F735BC900D6EB89 /* ATQBindPhoneViewController.xib in Resources */,
				40FA89F11F749F7D0059A208 /* ATQHomeCollectionViewCell.xib in Resources */,
				40F085A51F74FA1500C5986C /* ATQRecPerTableViewCell.xib in Resources */,
				4018F5AE1F500B4000D6C42D /* LaunchScreen.storyboard in Resources */,
				40FA89F61F74A41C0059A208 /* ATQTitleTableViewCell.xib in Resources */,
				40FA8A091F74E6E70059A208 /* ATQTagCollectionViewCell.xib in Resources */,
				40F085AA1F74FE7200C5986C /* ATQRecPerCollectionViewCell.xib in Resources */,
				40FA89FB1F74A61E0059A208 /* ATQItemTableViewCell.xib in Resources */,
				40260D201F71FEF400ED8CF1 /* ATQPerfectInfoViewController.xib in Resources */,
				40FA8A0E1F74E81E0059A208 /* ATQTagTableViewCell.xib in Resources */,
				40875D691F6F9AE300B58609 /* ATQLoginViewController.xib in Resources */,
				40E061C51F7695DF0072596D /* ATQHomeRecCollectionViewCell.xib in Resources */,
				40FA8A041F74CD7E0059A208 /* ATQNewPCollectionViewCell.xib in Resources */,
			);
			runOnlyForDeploymentPostprocessing = 0;
		};
		409E6D981F5003DA00E3BE49 /* Resources */ = {
			isa = PBXResourcesBuildPhase;
			buildActionMask = 2147483647;
			files = (
			);
			runOnlyForDeploymentPostprocessing = 0;
		};
		409E6DA31F5003DA00E3BE49 /* Resources */ = {
			isa = PBXResourcesBuildPhase;
			buildActionMask = 2147483647;
			files = (
			);
			runOnlyForDeploymentPostprocessing = 0;
		};
/* End PBXResourcesBuildPhase section */

/* Begin PBXShellScriptBuildPhase section */
		0023AE4B19624DD905FB2BFC /* [CP] Check Pods Manifest.lock */ = {
			isa = PBXShellScriptBuildPhase;
			buildActionMask = 2147483647;
			files = (
			);
			inputPaths = (
			);
			name = "[CP] Check Pods Manifest.lock";
			outputPaths = (
			);
			runOnlyForDeploymentPostprocessing = 0;
			shellPath = /bin/sh;
			shellScript = "diff \"${PODS_PODFILE_DIR_PATH}/Podfile.lock\" \"${PODS_ROOT}/Manifest.lock\" > /dev/null\nif [ $? != 0 ] ; then\n    # print error to STDERR\n    echo \"error: The sandbox is not in sync with the Podfile.lock. Run 'pod install' or update your CocoaPods installation.\" >&2\n    exit 1\nfi\n";
			showEnvVarsInLog = 0;
		};
		02B4A1F93269442B85DFE31F /* [CP] Copy Pods Resources */ = {
			isa = PBXShellScriptBuildPhase;
			buildActionMask = 2147483647;
			files = (
			);
			inputPaths = (
			);
			name = "[CP] Copy Pods Resources";
			outputPaths = (
			);
			runOnlyForDeploymentPostprocessing = 0;
			shellPath = /bin/sh;
			shellScript = "\"${SRCROOT}/Pods/Target Support Files/Pods-UEHTML/Pods-UEHTML-resources.sh\"\n";
			showEnvVarsInLog = 0;
		};
		EEE486BFB58C641E751279F7 /* [CP] Embed Pods Frameworks */ = {
			isa = PBXShellScriptBuildPhase;
			buildActionMask = 2147483647;
			files = (
			);
			inputPaths = (
			);
			name = "[CP] Embed Pods Frameworks";
			outputPaths = (
			);
			runOnlyForDeploymentPostprocessing = 0;
			shellPath = /bin/sh;
			shellScript = "\"${SRCROOT}/Pods/Target Support Files/Pods-UEHTML/Pods-UEHTML-frameworks.sh\"\n";
			showEnvVarsInLog = 0;
		};
/* End PBXShellScriptBuildPhase section */

/* Begin PBXSourcesBuildPhase section */
		409E6D7D1F5003DA00E3BE49 /* Sources */ = {
			isa = PBXSourcesBuildPhase;
			buildActionMask = 2147483647;
			files = (
				40E061C01F7689100072596D /* ATQItemTableViewCell.m in Sources */,
				4018F5B11F500B4000D6C42D /* ViewController.m in Sources */,
				40875D681F6F9AE300B58609 /* ATQLoginViewController.m in Sources */,
				40FA89FF1F74B1A80059A208 /* LhkhHttpsManager.m in Sources */,
				40FA8A031F74CD7E0059A208 /* ATQNewPCollectionViewCell.m in Sources */,
				40FA8A0D1F74E81E0059A208 /* ATQTagTableViewCell.m in Sources */,
				407F9BCB1F6633870043A87A /* UIView+LhkhExtension.m in Sources */,
				407F9BDA1F6636630043A87A /* ATQMessageViewController.m in Sources */,
				40FEA5BC1F735BC900D6EB89 /* ATQBindPhoneViewController.m in Sources */,
				188F843A1F739BD30037213D /* ComplainViewController.m in Sources */,
				409E6D891F5003DA00E3BE49 /* AppDelegate.m in Sources */,
				407F9BE01F6636A90043A87A /* ATQViewController.m in Sources */,
				407F9BCA1F6633870043A87A /* UIImage+LhkhExtension.m in Sources */,
				40E061C41F7695DF0072596D /* ATQHomeRecCollectionViewCell.m in Sources */,
				407F9BDD1F66367F0043A87A /* ATQPublishViewController.m in Sources */,
				40FEA5CA1F73B40000D6EB89 /* ATQNearbyViewController.m in Sources */,
				407F9BD71F66364C0043A87A /* ATQVicintyViewController.m in Sources */,
				407F9BD41F6634D30043A87A /* ATQBaseTabBarViewController.m in Sources */,
				407F9BD11F6634A70043A87A /* ATQBaseNavigationViewController.m in Sources */,
				40FA8A111F74EB6A0059A208 /* XHHPageControl.m in Sources */,
				40FA8A081F74E6E70059A208 /* ATQTagCollectionViewCell.m in Sources */,
				40FEA5C61F73AB4E00D6EB89 /* ATQRenzhengViewController.m in Sources */,
				40FA89F01F749F7D0059A208 /* ATQHomeCollectionViewCell.m in Sources */,
				40FEA5CD1F73B41E00D6EB89 /* ATQRecommendViewController.m in Sources */,
				40260D1F1F71FEF400ED8CF1 /* ATQPerfectInfoViewController.m in Sources */,
				407F9BE61F663A230043A87A /* LhkhTabBar.m in Sources */,
				407F9BC91F6633870043A87A /* UIColor+LhkhColor.m in Sources */,
				40FEA5D31F73B53A00D6EB89 /* LhkhButton.m in Sources */,
				407F9BE31F6636BF0043A87A /* ATQMeViewController.m in Sources */,
				40FEA5D01F73B46700D6EB89 /* ATQVideoChatViewController.m in Sources */,
				40F085A41F74FA1400C5986C /* ATQRecPerTableViewCell.m in Sources */,
				40875D6D1F6F9B4500B58609 /* ATQRegisterViewController.m in Sources */,
				40FA89F51F74A41C0059A208 /* ATQTitleTableViewCell.m in Sources */,
				407F9BCE1F6634360043A87A /* ATQBaseViewController.m in Sources */,
				40F085A91F74FE7200C5986C /* ATQRecPerCollectionViewCell.m in Sources */,
				409E6D861F5003DA00E3BE49 /* main.m in Sources */,
			);
			runOnlyForDeploymentPostprocessing = 0;
		};
		409E6D961F5003DA00E3BE49 /* Sources */ = {
			isa = PBXSourcesBuildPhase;
			buildActionMask = 2147483647;
			files = (
				409E6D9F1F5003DA00E3BE49 /* UEHTMLTests.m in Sources */,
			);
			runOnlyForDeploymentPostprocessing = 0;
		};
		409E6DA11F5003DA00E3BE49 /* Sources */ = {
			isa = PBXSourcesBuildPhase;
			buildActionMask = 2147483647;
			files = (
				409E6DAA1F5003DA00E3BE49 /* UEHTMLUITests.m in Sources */,
			);
			runOnlyForDeploymentPostprocessing = 0;
		};
/* End PBXSourcesBuildPhase section */

/* Begin PBXTargetDependency section */
		409E6D9C1F5003DA00E3BE49 /* PBXTargetDependency */ = {
			isa = PBXTargetDependency;
			target = 409E6D801F5003DA00E3BE49 /* UEHTML */;
			targetProxy = 409E6D9B1F5003DA00E3BE49 /* PBXContainerItemProxy */;
		};
		409E6DA71F5003DA00E3BE49 /* PBXTargetDependency */ = {
			isa = PBXTargetDependency;
			target = 409E6D801F5003DA00E3BE49 /* UEHTML */;
			targetProxy = 409E6DA61F5003DA00E3BE49 /* PBXContainerItemProxy */;
		};
/* End PBXTargetDependency section */

/* Begin PBXVariantGroup section */
		4018F5A61F500B4000D6C42D /* LaunchScreen.storyboard */ = {
			isa = PBXVariantGroup;
			children = (
				4018F5A71F500B4000D6C42D /* Base */,
			);
			name = LaunchScreen.storyboard;
			sourceTree = "<group>";
		};
		4018F5A81F500B4000D6C42D /* Main.storyboard */ = {
			isa = PBXVariantGroup;
			children = (
				4018F5A91F500B4000D6C42D /* Base */,
			);
			name = Main.storyboard;
			sourceTree = "<group>";
		};
/* End PBXVariantGroup section */

/* Begin XCBuildConfiguration section */
		409E6DAC1F5003DA00E3BE49 /* Debug */ = {
			isa = XCBuildConfiguration;
			buildSettings = {
				ALWAYS_SEARCH_USER_PATHS = NO;
				CLANG_ANALYZER_NONNULL = YES;
				CLANG_ANALYZER_NUMBER_OBJECT_CONVERSION = YES_AGGRESSIVE;
				CLANG_CXX_LANGUAGE_STANDARD = "gnu++0x";
				CLANG_CXX_LIBRARY = "libc++";
				CLANG_ENABLE_MODULES = YES;
				CLANG_ENABLE_OBJC_ARC = YES;
				CLANG_WARN_BOOL_CONVERSION = YES;
				CLANG_WARN_CONSTANT_CONVERSION = YES;
				CLANG_WARN_DIRECT_OBJC_ISA_USAGE = YES_ERROR;
				CLANG_WARN_DOCUMENTATION_COMMENTS = YES;
				CLANG_WARN_EMPTY_BODY = YES;
				CLANG_WARN_ENUM_CONVERSION = YES;
				CLANG_WARN_INFINITE_RECURSION = YES;
				CLANG_WARN_INT_CONVERSION = YES;
				CLANG_WARN_OBJC_ROOT_CLASS = YES_ERROR;
				CLANG_WARN_SUSPICIOUS_MOVE = YES;
				CLANG_WARN_UNREACHABLE_CODE = YES;
				CLANG_WARN__DUPLICATE_METHOD_MATCH = YES;
				"CODE_SIGN_IDENTITY[sdk=iphoneos*]" = "iPhone Developer";
				COPY_PHASE_STRIP = NO;
				DEBUG_INFORMATION_FORMAT = dwarf;
				ENABLE_STRICT_OBJC_MSGSEND = YES;
				ENABLE_TESTABILITY = YES;
				GCC_C_LANGUAGE_STANDARD = gnu99;
				GCC_DYNAMIC_NO_PIC = NO;
				GCC_NO_COMMON_BLOCKS = YES;
				GCC_OPTIMIZATION_LEVEL = 0;
				GCC_PREPROCESSOR_DEFINITIONS = (
					"DEBUG=1",
					"$(inherited)",
				);
				GCC_WARN_64_TO_32_BIT_CONVERSION = YES;
				GCC_WARN_ABOUT_RETURN_TYPE = YES_ERROR;
				GCC_WARN_UNDECLARED_SELECTOR = YES;
				GCC_WARN_UNINITIALIZED_AUTOS = YES_AGGRESSIVE;
				GCC_WARN_UNUSED_FUNCTION = YES;
				GCC_WARN_UNUSED_VARIABLE = YES;
				IPHONEOS_DEPLOYMENT_TARGET = 10.3;
				MTL_ENABLE_DEBUG_INFO = YES;
				ONLY_ACTIVE_ARCH = YES;
				SDKROOT = iphoneos;
			};
			name = Debug;
		};
		409E6DAD1F5003DA00E3BE49 /* Release */ = {
			isa = XCBuildConfiguration;
			buildSettings = {
				ALWAYS_SEARCH_USER_PATHS = NO;
				CLANG_ANALYZER_NONNULL = YES;
				CLANG_ANALYZER_NUMBER_OBJECT_CONVERSION = YES_AGGRESSIVE;
				CLANG_CXX_LANGUAGE_STANDARD = "gnu++0x";
				CLANG_CXX_LIBRARY = "libc++";
				CLANG_ENABLE_MODULES = YES;
				CLANG_ENABLE_OBJC_ARC = YES;
				CLANG_WARN_BOOL_CONVERSION = YES;
				CLANG_WARN_CONSTANT_CONVERSION = YES;
				CLANG_WARN_DIRECT_OBJC_ISA_USAGE = YES_ERROR;
				CLANG_WARN_DOCUMENTATION_COMMENTS = YES;
				CLANG_WARN_EMPTY_BODY = YES;
				CLANG_WARN_ENUM_CONVERSION = YES;
				CLANG_WARN_INFINITE_RECURSION = YES;
				CLANG_WARN_INT_CONVERSION = YES;
				CLANG_WARN_OBJC_ROOT_CLASS = YES_ERROR;
				CLANG_WARN_SUSPICIOUS_MOVE = YES;
				CLANG_WARN_UNREACHABLE_CODE = YES;
				CLANG_WARN__DUPLICATE_METHOD_MATCH = YES;
				"CODE_SIGN_IDENTITY[sdk=iphoneos*]" = "iPhone Developer";
				COPY_PHASE_STRIP = NO;
				DEBUG_INFORMATION_FORMAT = "dwarf-with-dsym";
				ENABLE_NS_ASSERTIONS = NO;
				ENABLE_STRICT_OBJC_MSGSEND = YES;
				GCC_C_LANGUAGE_STANDARD = gnu99;
				GCC_NO_COMMON_BLOCKS = YES;
				GCC_WARN_64_TO_32_BIT_CONVERSION = YES;
				GCC_WARN_ABOUT_RETURN_TYPE = YES_ERROR;
				GCC_WARN_UNDECLARED_SELECTOR = YES;
				GCC_WARN_UNINITIALIZED_AUTOS = YES_AGGRESSIVE;
				GCC_WARN_UNUSED_FUNCTION = YES;
				GCC_WARN_UNUSED_VARIABLE = YES;
				IPHONEOS_DEPLOYMENT_TARGET = 10.3;
				MTL_ENABLE_DEBUG_INFO = NO;
				SDKROOT = iphoneos;
				VALIDATE_PRODUCT = YES;
			};
			name = Release;
		};
		409E6DAF1F5003DA00E3BE49 /* Debug */ = {
			isa = XCBuildConfiguration;
			baseConfigurationReference = 142FBB3363225B85BA8CC82E /* Pods-UEHTML.debug.xcconfig */;
			buildSettings = {
				ASSETCATALOG_COMPILER_APPICON_NAME = AppIcon;
				DEVELOPMENT_TEAM = K7B37N4V6S;
				GCC_PRECOMPILE_PREFIX_HEADER = YES;
				GCC_PREFIX_HEADER = "$(SRCROOT)/UEHTML/Commons/PrefixHeader.pch";
				INFOPLIST_FILE = UEHTML/Info.plist;
				IPHONEOS_DEPLOYMENT_TARGET = 8.0;
				LD_RUNPATH_SEARCH_PATHS = "$(inherited) @executable_path/Frameworks";
				PRODUCT_BUNDLE_IDENTIFIER = LHKH.UEHTML;
				PRODUCT_NAME = "$(TARGET_NAME)";
			};
			name = Debug;
		};
		409E6DB01F5003DA00E3BE49 /* Release */ = {
			isa = XCBuildConfiguration;
			baseConfigurationReference = 83709B79F12E723B72656CC7 /* Pods-UEHTML.release.xcconfig */;
			buildSettings = {
				ASSETCATALOG_COMPILER_APPICON_NAME = AppIcon;
				DEVELOPMENT_TEAM = K7B37N4V6S;
				GCC_PRECOMPILE_PREFIX_HEADER = YES;
				GCC_PREFIX_HEADER = "$(SRCROOT)/UEHTML/Commons/PrefixHeader.pch";
				INFOPLIST_FILE = UEHTML/Info.plist;
				IPHONEOS_DEPLOYMENT_TARGET = 8.0;
				LD_RUNPATH_SEARCH_PATHS = "$(inherited) @executable_path/Frameworks";
				PRODUCT_BUNDLE_IDENTIFIER = LHKH.UEHTML;
				PRODUCT_NAME = "$(TARGET_NAME)";
			};
			name = Release;
		};
		409E6DB21F5003DA00E3BE49 /* Debug */ = {
			isa = XCBuildConfiguration;
			buildSettings = {
				BUNDLE_LOADER = "$(TEST_HOST)";
				DEVELOPMENT_TEAM = K7B37N4V6S;
				INFOPLIST_FILE = UEHTMLTests/Info.plist;
				LD_RUNPATH_SEARCH_PATHS = "$(inherited) @executable_path/Frameworks @loader_path/Frameworks";
				PRODUCT_BUNDLE_IDENTIFIER = LHKH.UEHTMLTests;
				PRODUCT_NAME = "$(TARGET_NAME)";
				TEST_HOST = "$(BUILT_PRODUCTS_DIR)/UEHTML.app/UEHTML";
			};
			name = Debug;
		};
		409E6DB31F5003DA00E3BE49 /* Release */ = {
			isa = XCBuildConfiguration;
			buildSettings = {
				BUNDLE_LOADER = "$(TEST_HOST)";
				DEVELOPMENT_TEAM = K7B37N4V6S;
				INFOPLIST_FILE = UEHTMLTests/Info.plist;
				LD_RUNPATH_SEARCH_PATHS = "$(inherited) @executable_path/Frameworks @loader_path/Frameworks";
				PRODUCT_BUNDLE_IDENTIFIER = LHKH.UEHTMLTests;
				PRODUCT_NAME = "$(TARGET_NAME)";
				TEST_HOST = "$(BUILT_PRODUCTS_DIR)/UEHTML.app/UEHTML";
			};
			name = Release;
		};
		409E6DB51F5003DA00E3BE49 /* Debug */ = {
			isa = XCBuildConfiguration;
			buildSettings = {
				DEVELOPMENT_TEAM = K7B37N4V6S;
				INFOPLIST_FILE = UEHTMLUITests/Info.plist;
				LD_RUNPATH_SEARCH_PATHS = "$(inherited) @executable_path/Frameworks @loader_path/Frameworks";
				PRODUCT_BUNDLE_IDENTIFIER = LHKH.UEHTMLUITests;
				PRODUCT_NAME = "$(TARGET_NAME)";
				TEST_TARGET_NAME = UEHTML;
			};
			name = Debug;
		};
		409E6DB61F5003DA00E3BE49 /* Release */ = {
			isa = XCBuildConfiguration;
			buildSettings = {
				DEVELOPMENT_TEAM = K7B37N4V6S;
				INFOPLIST_FILE = UEHTMLUITests/Info.plist;
				LD_RUNPATH_SEARCH_PATHS = "$(inherited) @executable_path/Frameworks @loader_path/Frameworks";
				PRODUCT_BUNDLE_IDENTIFIER = LHKH.UEHTMLUITests;
				PRODUCT_NAME = "$(TARGET_NAME)";
				TEST_TARGET_NAME = UEHTML;
			};
			name = Release;
		};
/* End XCBuildConfiguration section */

/* Begin XCConfigurationList section */
		409E6D7C1F5003DA00E3BE49 /* Build configuration list for PBXProject "UEHTML" */ = {
			isa = XCConfigurationList;
			buildConfigurations = (
				409E6DAC1F5003DA00E3BE49 /* Debug */,
				409E6DAD1F5003DA00E3BE49 /* Release */,
			);
			defaultConfigurationIsVisible = 0;
			defaultConfigurationName = Release;
		};
		409E6DAE1F5003DA00E3BE49 /* Build configuration list for PBXNativeTarget "UEHTML" */ = {
			isa = XCConfigurationList;
			buildConfigurations = (
				409E6DAF1F5003DA00E3BE49 /* Debug */,
				409E6DB01F5003DA00E3BE49 /* Release */,
			);
			defaultConfigurationIsVisible = 0;
			defaultConfigurationName = Release;
		};
		409E6DB11F5003DA00E3BE49 /* Build configuration list for PBXNativeTarget "UEHTMLTests" */ = {
			isa = XCConfigurationList;
			buildConfigurations = (
				409E6DB21F5003DA00E3BE49 /* Debug */,
				409E6DB31F5003DA00E3BE49 /* Release */,
			);
			defaultConfigurationIsVisible = 0;
			defaultConfigurationName = Release;
		};
		409E6DB41F5003DA00E3BE49 /* Build configuration list for PBXNativeTarget "UEHTMLUITests" */ = {
			isa = XCConfigurationList;
			buildConfigurations = (
				409E6DB51F5003DA00E3BE49 /* Debug */,
				409E6DB61F5003DA00E3BE49 /* Release */,
			);
			defaultConfigurationIsVisible = 0;
			defaultConfigurationName = Release;
		};
/* End XCConfigurationList section */
	};
	rootObject = 409E6D791F5003DA00E3BE49 /* Project object */;
}
